// !$*UTF8*$!
{
	archiveVersion = 1;
	classes = {
	};
	objectVersion = 77;
	objects = {

/* Begin PBXContainerItemProxy section */
		B7DC54AB2D5F940800581272 /* PBXContainerItemProxy */ = {
			isa = PBXContainerItemProxy;
			containerPortal = B7DC54922D5F940700581272 /* Project object */;
			proxyType = 1;
			remoteGlobalIDString = B7DC54992D5F940700581272;
			remoteInfo = MultipleSlectionPopupListApp;
		};
		B7DC54B52D5F940800581272 /* PBXContainerItemProxy */ = {
			isa = PBXContainerItemProxy;
			containerPortal = B7DC54922D5F940700581272 /* Project object */;
			proxyType = 1;
			remoteGlobalIDString = B7DC54992D5F940700581272;
			remoteInfo = MultipleSlectionPopupListApp;
		};
/* End PBXContainerItemProxy section */

/* Begin PBXFileReference section */
		B7DC549A2D5F940700581272 /* MultipleSlectionPopupListApp.app */ = {isa = PBXFileReference; explicitFileType = wrapper.application; includeInIndex = 0; path = MultipleSlectionPopupListApp.app; sourceTree = BUILT_PRODUCTS_DIR; };
		B7DC54AA2D5F940800581272 /* MultipleSlectionPopupListAppTests.xctest */ = {isa = PBXFileReference; explicitFileType = wrapper.cfbundle; includeInIndex = 0; path = MultipleSlectionPopupListAppTests.xctest; sourceTree = BUILT_PRODUCTS_DIR; };
		B7DC54B42D5F940800581272 /* MultipleSlectionPopupListAppUITests.xctest */ = {isa = PBXFileReference; explicitFileType = wrapper.cfbundle; includeInIndex = 0; path = MultipleSlectionPopupListAppUITests.xctest; sourceTree = BUILT_PRODUCTS_DIR; };
/* End PBXFileReference section */

/* Begin PBXFileSystemSynchronizedRootGroup section */
		B7DC549C2D5F940700581272 /* MultipleSlectionPopupListApp */ = {
			isa = PBXFileSystemSynchronizedRootGroup;
			path = MultipleSlectionPopupListApp;
			sourceTree = "<group>";
		};
		B7DC54AD2D5F940800581272 /* MultipleSlectionPopupListAppTests */ = {
			isa = PBXFileSystemSynchronizedRootGroup;
			path = MultipleSlectionPopupListAppTests;
			sourceTree = "<group>";
		};
		B7DC54B72D5F940800581272 /* MultipleSlectionPopupListAppUITests */ = {
			isa = PBXFileSystemSynchronizedRootGroup;
			path = MultipleSlectionPopupListAppUITests;
			sourceTree = "<group>";
		};
/* End PBXFileSystemSynchronizedRootGroup section */

/* Begin PBXFrameworksBuildPhase section */
		B7DC54972D5F940700581272 /* Frameworks */ = {
			isa = PBXFrameworksBuildPhase;
			buildActionMask = 2147483647;
			files = (
			);
			runOnlyForDeploymentPostprocessing = 0;
		};
		B7DC54A72D5F940800581272 /* Frameworks */ = {
			isa = PBXFrameworksBuildPhase;
			buildActionMask = 2147483647;
			files = (
			);
			runOnlyForDeploymentPostprocessing = 0;
		};
		B7DC54B12D5F940800581272 /* Frameworks */ = {
			isa = PBXFrameworksBuildPhase;
			buildActionMask = 2147483647;
			files = (
			);
			runOnlyForDeploymentPostprocessing = 0;
		};
/* End PBXFrameworksBuildPhase section */

/* Begin PBXGroup section */
		B7DC54912D5F940700581272 = {
			isa = PBXGroup;
			children = (
				B7DC549C2D5F940700581272 /* MultipleSlectionPopupListApp */,
				B7DC54AD2D5F940800581272 /* MultipleSlectionPopupListAppTests */,
				B7DC54B72D5F940800581272 /* MultipleSlectionPopupListAppUITests */,
				B7DC549B2D5F940700581272 /* Products */,
			);
			sourceTree = "<group>";
		};
		B7DC549B2D5F940700581272 /* Products */ = {
			isa = PBXGroup;
			children = (
				B7DC549A2D5F940700581272 /* MultipleSlectionPopupListApp.app */,
				B7DC54AA2D5F940800581272 /* MultipleSlectionPopupListAppTests.xctest */,
				B7DC54B42D5F940800581272 /* MultipleSlectionPopupListAppUITests.xctest */,
			);
			name = Products;
			sourceTree = "<group>";
		};
/* End PBXGroup section */

/* Begin PBXNativeTarget section */
		B7DC54992D5F940700581272 /* MultipleSlectionPopupListApp */ = {
			isa = PBXNativeTarget;
			buildConfigurationList = B7DC54BE2D5F940800581272 /* Build configuration list for PBXNativeTarget "MultipleSlectionPopupListApp" */;
			buildPhases = (
				B7DC54962D5F940700581272 /* Sources */,
				B7DC54972D5F940700581272 /* Frameworks */,
				B7DC54982D5F940700581272 /* Resources */,
			);
			buildRules = (
			);
			dependencies = (
			);
			fileSystemSynchronizedGroups = (
				B7DC549C2D5F940700581272 /* MultipleSlectionPopupListApp */,
			);
			name = MultipleSlectionPopupListApp;
			packageProductDependencies = (
			);
			productName = MultipleSlectionPopupListApp;
			productReference = B7DC549A2D5F940700581272 /* MultipleSlectionPopupListApp.app */;
			productType = "com.apple.product-type.application";
		};
		B7DC54A92D5F940800581272 /* MultipleSlectionPopupListAppTests */ = {
			isa = PBXNativeTarget;
			buildConfigurationList = B7DC54C12D5F940800581272 /* Build configuration list for PBXNativeTarget "MultipleSlectionPopupListAppTests" */;
			buildPhases = (
				B7DC54A62D5F940800581272 /* Sources */,
				B7DC54A72D5F940800581272 /* Frameworks */,
				B7DC54A82D5F940800581272 /* Resources */,
			);
			buildRules = (
			);
			dependencies = (
				B7DC54AC2D5F940800581272 /* PBXTargetDependency */,
			);
			fileSystemSynchronizedGroups = (
				B7DC54AD2D5F940800581272 /* MultipleSlectionPopupListAppTests */,
			);
			name = MultipleSlectionPopupListAppTests;
			packageProductDependencies = (
			);
			productName = MultipleSlectionPopupListAppTests;
			productReference = B7DC54AA2D5F940800581272 /* MultipleSlectionPopupListAppTests.xctest */;
			productType = "com.apple.product-type.bundle.unit-test";
		};
		B7DC54B32D5F940800581272 /* MultipleSlectionPopupListAppUITests */ = {
			isa = PBXNativeTarget;
			buildConfigurationList = B7DC54C42D5F940800581272 /* Build configuration list for PBXNativeTarget "MultipleSlectionPopupListAppUITests" */;
			buildPhases = (
				B7DC54B02D5F940800581272 /* Sources */,
				B7DC54B12D5F940800581272 /* Frameworks */,
				B7DC54B22D5F940800581272 /* Resources */,
			);
			buildRules = (
			);
			dependencies = (
				B7DC54B62D5F940800581272 /* PBXTargetDependency */,
			);
			fileSystemSynchronizedGroups = (
				B7DC54B72D5F940800581272 /* MultipleSlectionPopupListAppUITests */,
			);
			name = MultipleSlectionPopupListAppUITests;
			packageProductDependencies = (
			);
			productName = MultipleSlectionPopupListAppUITests;
			productReference = B7DC54B42D5F940800581272 /* MultipleSlectionPopupListAppUITests.xctest */;
			productType = "com.apple.product-type.bundle.ui-testing";
		};
/* End PBXNativeTarget section */

/* Begin PBXProject section */
		B7DC54922D5F940700581272 /* Project object */ = {
			isa = PBXProject;
			attributes = {
				BuildIndependentTargetsInParallel = 1;
				LastSwiftUpdateCheck = 1600;
				LastUpgradeCheck = 1600;
				TargetAttributes = {
					B7DC54992D5F940700581272 = {
						CreatedOnToolsVersion = 16.0;
					};
					B7DC54A92D5F940800581272 = {
						CreatedOnToolsVersion = 16.0;
						TestTargetID = B7DC54992D5F940700581272;
					};
					B7DC54B32D5F940800581272 = {
						CreatedOnToolsVersion = 16.0;
						TestTargetID = B7DC54992D5F940700581272;
					};
				};
			};
			buildConfigurationList = B7DC54952D5F940700581272 /* Build configuration list for PBXProject "MultipleSlectionPopupListApp" */;
			developmentRegion = en;
			hasScannedForEncodings = 0;
			knownRegions = (
				en,
				Base,
			);
			mainGroup = B7DC54912D5F940700581272;
			minimizedProjectReferenceProxies = 1;
			preferredProjectObjectVersion = 77;
			productRefGroup = B7DC549B2D5F940700581272 /* Products */;
			projectDirPath = "";
			projectRoot = "";
			targets = (
				B7DC54992D5F940700581272 /* MultipleSlectionPopupListApp */,
				B7DC54A92D5F940800581272 /* MultipleSlectionPopupListAppTests */,
				B7DC54B32D5F940800581272 /* MultipleSlectionPopupListAppUITests */,
			);
		};
/* End PBXProject section */

/* Begin PBXResourcesBuildPhase section */
		B7DC54982D5F940700581272 /* Resources */ = {
			isa = PBXResourcesBuildPhase;
			buildActionMask = 2147483647;
			files = (
			);
			runOnlyForDeploymentPostprocessing = 0;
		};
		B7DC54A82D5F940800581272 /* Resources */ = {
			isa = PBXResourcesBuildPhase;
			buildActionMask = 2147483647;
			files = (
			);
			runOnlyForDeploymentPostprocessing = 0;
		};
		B7DC54B22D5F940800581272 /* Resources */ = {
			isa = PBXResourcesBuildPhase;
			buildActionMask = 2147483647;
			files = (
			);
			runOnlyForDeploymentPostprocessing = 0;
		};
/* End PBXResourcesBuildPhase section */

/* Begin PBXSourcesBuildPhase section */
		B7DC54962D5F940700581272 /* Sources */ = {
			isa = PBXSourcesBuildPhase;
			buildActionMask = 2147483647;
			files = (
			);
			runOnlyForDeploymentPostprocessing = 0;
		};
		B7DC54A62D5F940800581272 /* Sources */ = {
			isa = PBXSourcesBuildPhase;
			buildActionMask = 2147483647;
			files = (
			);
			runOnlyForDeploymentPostprocessing = 0;
		};
		B7DC54B02D5F940800581272 /* Sources */ = {
			isa = PBXSourcesBuildPhase;
			buildActionMask = 2147483647;
			files = (
			);
			runOnlyForDeploymentPostprocessing = 0;
		};
/* End PBXSourcesBuildPhase section */

/* Begin PBXTargetDependency section */
		B7DC54AC2D5F940800581272 /* PBXTargetDependency */ = {
			isa = PBXTargetDependency;
			target = B7DC54992D5F940700581272 /* MultipleSlectionPopupListApp */;
			targetProxy = B7DC54AB2D5F940800581272 /* PBXContainerItemProxy */;
		};
		B7DC54B62D5F940800581272 /* PBXTargetDependency */ = {
			isa = PBXTargetDependency;
			target = B7DC54992D5F940700581272 /* MultipleSlectionPopupListApp */;
			targetProxy = B7DC54B52D5F940800581272 /* PBXContainerItemProxy */;
		};
/* End PBXTargetDependency section */

/* Begin XCBuildConfiguration section */
		B7DC54BC2D5F940800581272 /* Debug */ = {
			isa = XCBuildConfiguration;
			buildSettings = {
				ALWAYS_SEARCH_USER_PATHS = NO;
				ASSETCATALOG_COMPILER_GENERATE_SWIFT_ASSET_SYMBOL_EXTENSIONS = YES;
				CLANG_ANALYZER_NONNULL = YES;
				CLANG_ANALYZER_NUMBER_OBJECT_CONVERSION = YES_AGGRESSIVE;
				CLANG_CXX_LANGUAGE_STANDARD = "gnu++20";
				CLANG_ENABLE_MODULES = YES;
				CLANG_ENABLE_OBJC_ARC = YES;
				CLANG_ENABLE_OBJC_WEAK = YES;
				CLANG_WARN_BLOCK_CAPTURE_AUTORELEASING = YES;
				CLANG_WARN_BOOL_CONVERSION = YES;
				CLANG_WARN_COMMA = YES;
				CLANG_WARN_CONSTANT_CONVERSION = YES;
				CLANG_WARN_DEPRECATED_OBJC_IMPLEMENTATIONS = YES;
				CLANG_WARN_DIRECT_OBJC_ISA_USAGE = YES_ERROR;
				CLANG_WARN_DOCUMENTATION_COMMENTS = YES;
				CLANG_WARN_EMPTY_BODY = YES;
				CLANG_WARN_ENUM_CONVERSION = YES;
				CLANG_WARN_INFINITE_RECURSION = YES;
				CLANG_WARN_INT_CONVERSION = YES;
				CLANG_WARN_NON_LITERAL_NULL_CONVERSION = YES;
				CLANG_WARN_OBJC_IMPLICIT_RETAIN_SELF = YES;
				CLANG_WARN_OBJC_LITERAL_CONVERSION = YES;
				CLANG_WARN_OBJC_ROOT_CLASS = YES_ERROR;
				CLANG_WARN_QUOTED_INCLUDE_IN_FRAMEWORK_HEADER = YES;
				CLANG_WARN_RANGE_LOOP_ANALYSIS = YES;
				CLANG_WARN_STRICT_PROTOTYPES = YES;
				CLANG_WARN_SUSPICIOUS_MOVE = YES;
				CLANG_WARN_UNGUARDED_AVAILABILITY = YES_AGGRESSIVE;
				CLANG_WARN_UNREACHABLE_CODE = YES;
				CLANG_WARN__DUPLICATE_METHOD_MATCH = YES;
				COPY_PHASE_STRIP = NO;
				DEBUG_INFORMATION_FORMAT = dwarf;
				ENABLE_STRICT_OBJC_MSGSEND = YES;
				ENABLE_TESTABILITY = YES;
				ENABLE_USER_SCRIPT_SANDBOXING = YES;
				GCC_C_LANGUAGE_STANDARD = gnu17;
				GCC_DYNAMIC_NO_PIC = NO;
				GCC_NO_COMMON_BLOCKS = YES;
				GCC_OPTIMIZATION_LEVEL = 0;
				GCC_PREPROCESSOR_DEFINITIONS = (
					"DEBUG=1",
					"$(inherited)",
				);
				GCC_WARN_64_TO_32_BIT_CONVERSION = YES;
				GCC_WARN_ABOUT_RETURN_TYPE = YES_ERROR;
				GCC_WARN_UNDECLARED_SELECTOR = YES;
				GCC_WARN_UNINITIALIZED_AUTOS = YES_AGGRESSIVE;
				GCC_WARN_UNUSED_FUNCTION = YES;
				GCC_WARN_UNUSED_VARIABLE = YES;
				IPHONEOS_DEPLOYMENT_TARGET = 18.0;
				LOCALIZATION_PREFERS_STRING_CATALOGS = YES;
				MTL_ENABLE_DEBUG_INFO = INCLUDE_SOURCE;
				MTL_FAST_MATH = YES;
				ONLY_ACTIVE_ARCH = YES;
				SDKROOT = iphoneos;
				SWIFT_ACTIVE_COMPILATION_CONDITIONS = "DEBUG $(inherited)";
				SWIFT_OPTIMIZATION_LEVEL = "-Onone";
			};
			name = Debug;
		};
		B7DC54BD2D5F940800581272 /* Release */ = {
			isa = XCBuildConfiguration;
			buildSettings = {
				ALWAYS_SEARCH_USER_PATHS = NO;
				ASSETCATALOG_COMPILER_GENERATE_SWIFT_ASSET_SYMBOL_EXTENSIONS = YES;
				CLANG_ANALYZER_NONNULL = YES;
				CLANG_ANALYZER_NUMBER_OBJECT_CONVERSION = YES_AGGRESSIVE;
				CLANG_CXX_LANGUAGE_STANDARD = "gnu++20";
				CLANG_ENABLE_MODULES = YES;
				CLANG_ENABLE_OBJC_ARC = YES;
				CLANG_ENABLE_OBJC_WEAK = YES;
				CLANG_WARN_BLOCK_CAPTURE_AUTORELEASING = YES;
				CLANG_WARN_BOOL_CONVERSION = YES;
				CLANG_WARN_COMMA = YES;
				CLANG_WARN_CONSTANT_CONVERSION = YES;
				CLANG_WARN_DEPRECATED_OBJC_IMPLEMENTATIONS = YES;
				CLANG_WARN_DIRECT_OBJC_ISA_USAGE = YES_ERROR;
				CLANG_WARN_DOCUMENTATION_COMMENTS = YES;
				CLANG_WARN_EMPTY_BODY = YES;
				CLANG_WARN_ENUM_CONVERSION = YES;
				CLANG_WARN_INFINITE_RECURSION = YES;
				CLANG_WARN_INT_CONVERSION = YES;
				CLANG_WARN_NON_LITERAL_NULL_CONVERSION = YES;
				CLANG_WARN_OBJC_IMPLICIT_RETAIN_SELF = YES;
				CLANG_WARN_OBJC_LITERAL_CONVERSION = YES;
				CLANG_WARN_OBJC_ROOT_CLASS = YES_ERROR;
				CLANG_WARN_QUOTED_INCLUDE_IN_FRAMEWORK_HEADER = YES;
				CLANG_WARN_RANGE_LOOP_ANALYSIS = YES;
				CLANG_WARN_STRICT_PROTOTYPES = YES;
				CLANG_WARN_SUSPICIOUS_MOVE = YES;
				CLANG_WARN_UNGUARDED_AVAILABILITY = YES_AGGRESSIVE;
				CLANG_WARN_UNREACHABLE_CODE = YES;
				CLANG_WARN__DUPLICATE_METHOD_MATCH = YES;
				COPY_PHASE_STRIP = NO;
				DEBUG_INFORMATION_FORMAT = "dwarf-with-dsym";
				ENABLE_NS_ASSERTIONS = NO;
				ENABLE_STRICT_OBJC_MSGSEND = YES;
				ENABLE_USER_SCRIPT_SANDBOXING = YES;
				GCC_C_LANGUAGE_STANDARD = gnu17;
				GCC_NO_COMMON_BLOCKS = YES;
				GCC_WARN_64_TO_32_BIT_CONVERSION = YES;
				GCC_WARN_ABOUT_RETURN_TYPE = YES_ERROR;
				GCC_WARN_UNDECLARED_SELECTOR = YES;
				GCC_WARN_UNINITIALIZED_AUTOS = YES_AGGRESSIVE;
				GCC_WARN_UNUSED_FUNCTION = YES;
				GCC_WARN_UNUSED_VARIABLE = YES;
				IPHONEOS_DEPLOYMENT_TARGET = 18.0;
				LOCALIZATION_PREFERS_STRING_CATALOGS = YES;
				MTL_ENABLE_DEBUG_INFO = NO;
				MTL_FAST_MATH = YES;
				SDKROOT = iphoneos;
				SWIFT_COMPILATION_MODE = wholemodule;
				VALIDATE_PRODUCT = YES;
			};
			name = Release;
		};
		B7DC54BF2D5F940800581272 /* Debug */ = {
			isa = XCBuildConfiguration;
			buildSettings = {
				ASSETCATALOG_COMPILER_APPICON_NAME = AppIcon;
				ASSETCATALOG_COMPILER_GLOBAL_ACCENT_COLOR_NAME = AccentColor;
				CODE_SIGN_STYLE = Automatic;
				CURRENT_PROJECT_VERSION = 1;
				DEVELOPMENT_ASSET_PATHS = "\"MultipleSlectionPopupListApp/Preview Content\"";
				DEVELOPMENT_TEAM = HMPQ2T7A72;
				ENABLE_PREVIEWS = YES;
				GENERATE_INFOPLIST_FILE = YES;
				INFOPLIST_KEY_UIApplicationSceneManifest_Generation = YES;
				INFOPLIST_KEY_UIApplicationSupportsIndirectInputEvents = YES;
				INFOPLIST_KEY_UILaunchScreen_Generation = YES;
				INFOPLIST_KEY_UISupportedInterfaceOrientations_iPad = "UIInterfaceOrientationPortrait UIInterfaceOrientationPortraitUpsideDown UIInterfaceOrientationLandscapeLeft UIInterfaceOrientationLandscapeRight";
				INFOPLIST_KEY_UISupportedInterfaceOrientations_iPhone = "UIInterfaceOrientationPortrait UIInterfaceOrientationLandscapeLeft UIInterfaceOrientationLandscapeRight";
				LD_RUNPATH_SEARCH_PATHS = (
					"$(inherited)",
					"@executable_path/Frameworks",
				);
				MARKETING_VERSION = 1.0;
				PRODUCT_BUNDLE_IDENTIFIER = Components.dotcom.com.MultipleSlectionPopupListApp;
				PRODUCT_NAME = "$(TARGET_NAME)";
				SWIFT_EMIT_LOC_STRINGS = YES;
				SWIFT_VERSION = 5.0;
				TARGETED_DEVICE_FAMILY = "1,2";
			};
			name = Debug;
		};
		B7DC54C02D5F940800581272 /* Release */ = {
			isa = XCBuildConfiguration;
			buildSettings = {
				ASSETCATALOG_COMPILER_APPICON_NAME = AppIcon;
				ASSETCATALOG_COMPILER_GLOBAL_ACCENT_COLOR_NAME = AccentColor;
				CODE_SIGN_STYLE = Automatic;
				CURRENT_PROJECT_VERSION = 1;
				DEVELOPMENT_ASSET_PATHS = "\"MultipleSlectionPopupListApp/Preview Content\"";
				DEVELOPMENT_TEAM = HMPQ2T7A72;
				ENABLE_PREVIEWS = YES;
				GENERATE_INFOPLIST_FILE = YES;
				INFOPLIST_KEY_UIApplicationSceneManifest_Generation = YES;
				INFOPLIST_KEY_UIApplicationSupportsIndirectInputEvents = YES;
				INFOPLIST_KEY_UILaunchScreen_Generation = YES;
				INFOPLIST_KEY_UISupportedInterfaceOrientations_iPad = "UIInterfaceOrientationPortrait UIInterfaceOrientationPortraitUpsideDown UIInterfaceOrientationLandscapeLeft UIInterfaceOrientationLandscapeRight";
				INFOPLIST_KEY_UISupportedInterfaceOrientations_iPhone = "UIInterfaceOrientationPortrait UIInterfaceOrientationLandscapeLeft UIInterfaceOrientationLandscapeRight";
				LD_RUNPATH_SEARCH_PATHS = (
					"$(inherited)",
					"@executable_path/Frameworks",
				);
				MARKETING_VERSION = 1.0;
				PRODUCT_BUNDLE_IDENTIFIER = Components.dotcom.com.MultipleSlectionPopupListApp;
				PRODUCT_NAME = "$(TARGET_NAME)";
				SWIFT_EMIT_LOC_STRINGS = YES;
				SWIFT_VERSION = 5.0;
				TARGETED_DEVICE_FAMILY = "1,2";
			};
			name = Release;
		};
		B7DC54C22D5F940800581272 /* Debug */ = {
			isa = XCBuildConfiguration;
			buildSettings = {
				BUNDLE_LOADER = "$(TEST_HOST)";
				CODE_SIGN_STYLE = Automatic;
				CURRENT_PROJECT_VERSION = 1;
				DEVELOPMENT_TEAM = HMPQ2T7A72;
				GENERATE_INFOPLIST_FILE = YES;
				IPHONEOS_DEPLOYMENT_TARGET = 18.0;
				MARKETING_VERSION = 1.0;
				PRODUCT_BUNDLE_IDENTIFIER = Components.dotcom.com.MultipleSlectionPopupListAppTests;
				PRODUCT_NAME = "$(TARGET_NAME)";
				SWIFT_EMIT_LOC_STRINGS = NO;
				SWIFT_VERSION = 5.0;
				TARGETED_DEVICE_FAMILY = "1,2";
				TEST_HOST = "$(BUILT_PRODUCTS_DIR)/MultipleSlectionPopupListApp.app/$(BUNDLE_EXECUTABLE_FOLDER_PATH)/MultipleSlectionPopupListApp";
			};
			name = Debug;
		};
		B7DC54C32D5F940800581272 /* Release */ = {
			isa = XCBuildConfiguration;
			buildSettings = {
				BUNDLE_LOADER = "$(TEST_HOST)";
				CODE_SIGN_STYLE = Automatic;
				CURRENT_PROJECT_VERSION = 1;
				DEVELOPMENT_TEAM = HMPQ2T7A72;
				GENERATE_INFOPLIST_FILE = YES;
				IPHONEOS_DEPLOYMENT_TARGET = 18.0;
				MARKETING_VERSION = 1.0;
				PRODUCT_BUNDLE_IDENTIFIER = Components.dotcom.com.MultipleSlectionPopupListAppTests;
				PRODUCT_NAME = "$(TARGET_NAME)";
				SWIFT_EMIT_LOC_STRINGS = NO;
				SWIFT_VERSION = 5.0;
				TARGETED_DEVICE_FAMILY = "1,2";
				TEST_HOST = "$(BUILT_PRODUCTS_DIR)/MultipleSlectionPopupListApp.app/$(BUNDLE_EXECUTABLE_FOLDER_PATH)/MultipleSlectionPopupListApp";
			};
			name = Release;
		};
		B7DC54C52D5F940800581272 /* Debug */ = {
			isa = XCBuildConfiguration;
			buildSettings = {
				CODE_SIGN_STYLE = Automatic;
				CURRENT_PROJECT_VERSION = 1;
				DEVELOPMENT_TEAM = HMPQ2T7A72;
				GENERATE_INFOPLIST_FILE = YES;
				MARKETING_VERSION = 1.0;
				PRODUCT_BUNDLE_IDENTIFIER = Components.dotcom.com.MultipleSlectionPopupListAppUITests;
				PRODUCT_NAME = "$(TARGET_NAME)";
				SWIFT_EMIT_LOC_STRINGS = NO;
				SWIFT_VERSION = 5.0;
				TARGETED_DEVICE_FAMILY = "1,2";
				TEST_TARGET_NAME = MultipleSlectionPopupListApp;
			};
			name = Debug;
		};
		B7DC54C62D5F940800581272 /* Release */ = {
			isa = XCBuildConfiguration;
			buildSettings = {
				CODE_SIGN_STYLE = Automatic;
				CURRENT_PROJECT_VERSION = 1;
				DEVELOPMENT_TEAM = HMPQ2T7A72;
				GENERATE_INFOPLIST_FILE = YES;
				MARKETING_VERSION = 1.0;
				PRODUCT_BUNDLE_IDENTIFIER = Components.dotcom.com.MultipleSlectionPopupListAppUITests;
				PRODUCT_NAME = "$(TARGET_NAME)";
				SWIFT_EMIT_LOC_STRINGS = NO;
				SWIFT_VERSION = 5.0;
				TARGETED_DEVICE_FAMILY = "1,2";
				TEST_TARGET_NAME = MultipleSlectionPopupListApp;
			};
			name = Release;
		};
/* End XCBuildConfiguration section */

/* Begin XCConfigurationList section */
		B7DC54952D5F940700581272 /* Build configuration list for PBXProject "MultipleSlectionPopupListApp" */ = {
			isa = XCConfigurationList;
			buildConfigurations = (
				B7DC54BC2D5F940800581272 /* Debug */,
				B7DC54BD2D5F940800581272 /* Release */,
			);
			defaultConfigurationIsVisible = 0;
			defaultConfigurationName = Release;
		};
		B7DC54BE2D5F940800581272 /* Build configuration list for PBXNativeTarget "MultipleSlectionPopupListApp" */ = {
			isa = XCConfigurationList;
			buildConfigurations = (
				B7DC54BF2D5F940800581272 /* Debug */,
				B7DC54C02D5F940800581272 /* Release */,
			);
			defaultConfigurationIsVisible = 0;
			defaultConfigurationName = Release;
		};
		B7DC54C12D5F940800581272 /* Build configuration list for PBXNativeTarget "MultipleSlectionPopupListAppTests" */ = {
			isa = XCConfigurationList;
			buildConfigurations = (
				B7DC54C22D5F940800581272 /* Debug */,
				B7DC54C32D5F940800581272 /* Release */,
			);
			defaultConfigurationIsVisible = 0;
			defaultConfigurationName = Release;
		};
		B7DC54C42D5F940800581272 /* Build configuration list for PBXNativeTarget "MultipleSlectionPopupListAppUITests" */ = {
			isa = XCConfigurationList;
			buildConfigurations = (
				B7DC54C52D5F940800581272 /* Debug */,
				B7DC54C62D5F940800581272 /* Release */,
			);
			defaultConfigurationIsVisible = 0;
			defaultConfigurationName = Release;
		};
/* End XCConfigurationList section */
	};
	rootObject = B7DC54922D5F940700581272 /* Project object */;
}
