// !$*UTF8*$!
{
	archiveVersion = 1;
	classes = {
	};
	objectVersion = 56;
	objects = {

/* Begin PBXBuildFile section */
		B7DEAFE22BE8943500D4DAE6 /* SwiftUIThemeProjectApp.swift in Sources */ = {isa = PBXBuildFile; fileRef = B7DEAFE12BE8943500D4DAE6 /* SwiftUIThemeProjectApp.swift */; };
		B7DEAFE42BE8943500D4DAE6 /* ContentView.swift in Sources */ = {isa = PBXBuildFile; fileRef = B7DEAFE32BE8943500D4DAE6 /* ContentView.swift */; };
		B7DEAFE62BE8943600D4DAE6 /* Assets.xcassets in Resources */ = {isa = PBXBuildFile; fileRef = B7DEAFE52BE8943600D4DAE6 /* Assets.xcassets */; };
		B7DEAFE92BE8943600D4DAE6 /* Preview Assets.xcassets in Resources */ = {isa = PBXBuildFile; fileRef = B7DEAFE82BE8943600D4DAE6 /* Preview Assets.xcassets */; };
		B7DEAFF32BE8943600D4DAE6 /* SwiftUIThemeProjectTests.swift in Sources */ = {isa = PBXBuildFile; fileRef = B7DEAFF22BE8943600D4DAE6 /* SwiftUIThemeProjectTests.swift */; };
		B7DEAFFD2BE8943600D4DAE6 /* SwiftUIThemeProjectUITests.swift in Sources */ = {isa = PBXBuildFile; fileRef = B7DEAFFC2BE8943600D4DAE6 /* SwiftUIThemeProjectUITests.swift */; };
		B7DEAFFF2BE8943600D4DAE6 /* SwiftUIThemeProjectUITestsLaunchTests.swift in Sources */ = {isa = PBXBuildFile; fileRef = B7DEAFFE2BE8943600D4DAE6 /* SwiftUIThemeProjectUITestsLaunchTests.swift */; };
/* End PBXBuildFile section */

/* Begin PBXContainerItemProxy section */
		B7DEAFEF2BE8943600D4DAE6 /* PBXContainerItemProxy */ = {
			isa = PBXContainerItemProxy;
			containerPortal = B7DEAFD62BE8943500D4DAE6 /* Project object */;
			proxyType = 1;
			remoteGlobalIDString = B7DEAFDD2BE8943500D4DAE6;
			remoteInfo = SwiftUIThemeProject;
		};
		B7DEAFF92BE8943600D4DAE6 /* PBXContainerItemProxy */ = {
			isa = PBXContainerItemProxy;
			containerPortal = B7DEAFD62BE8943500D4DAE6 /* Project object */;
			proxyType = 1;
			remoteGlobalIDString = B7DEAFDD2BE8943500D4DAE6;
			remoteInfo = SwiftUIThemeProject;
		};
/* End PBXContainerItemProxy section */

/* Begin PBXFileReference section */
		B7DEAFDE2BE8943500D4DAE6 /* SwiftUIThemeProject.app */ = {isa = PBXFileReference; explicitFileType = wrapper.application; includeInIndex = 0; path = SwiftUIThemeProject.app; sourceTree = BUILT_PRODUCTS_DIR; };
		B7DEAFE12BE8943500D4DAE6 /* SwiftUIThemeProjectApp.swift */ = {isa = PBXFileReference; lastKnownFileType = sourcecode.swift; path = SwiftUIThemeProjectApp.swift; sourceTree = "<group>"; };
		B7DEAFE32BE8943500D4DAE6 /* ContentView.swift */ = {isa = PBXFileReference; lastKnownFileType = sourcecode.swift; path = ContentView.swift; sourceTree = "<group>"; };
		B7DEAFE52BE8943600D4DAE6 /* Assets.xcassets */ = {isa = PBXFileReference; lastKnownFileType = folder.assetcatalog; path = Assets.xcassets; sourceTree = "<group>"; };
		B7DEAFE82BE8943600D4DAE6 /* Preview Assets.xcassets */ = {isa = PBXFileReference; lastKnownFileType = folder.assetcatalog; path = "Preview Assets.xcassets"; sourceTree = "<group>"; };
		B7DEAFEE2BE8943600D4DAE6 /* SwiftUIThemeProjectTests.xctest */ = {isa = PBXFileReference; explicitFileType = wrapper.cfbundle; includeInIndex = 0; path = SwiftUIThemeProjectTests.xctest; sourceTree = BUILT_PRODUCTS_DIR; };
		B7DEAFF22BE8943600D4DAE6 /* SwiftUIThemeProjectTests.swift */ = {isa = PBXFileReference; lastKnownFileType = sourcecode.swift; path = SwiftUIThemeProjectTests.swift; sourceTree = "<group>"; };
		B7DEAFF82BE8943600D4DAE6 /* SwiftUIThemeProjectUITests.xctest */ = {isa = PBXFileReference; explicitFileType = wrapper.cfbundle; includeInIndex = 0; path = SwiftUIThemeProjectUITests.xctest; sourceTree = BUILT_PRODUCTS_DIR; };
		B7DEAFFC2BE8943600D4DAE6 /* SwiftUIThemeProjectUITests.swift */ = {isa = PBXFileReference; lastKnownFileType = sourcecode.swift; path = SwiftUIThemeProjectUITests.swift; sourceTree = "<group>"; };
		B7DEAFFE2BE8943600D4DAE6 /* SwiftUIThemeProjectUITestsLaunchTests.swift */ = {isa = PBXFileReference; lastKnownFileType = sourcecode.swift; path = SwiftUIThemeProjectUITestsLaunchTests.swift; sourceTree = "<group>"; };
/* End PBXFileReference section */

/* Begin PBXFrameworksBuildPhase section */
		B7DEAFDB2BE8943500D4DAE6 /* Frameworks */ = {
			isa = PBXFrameworksBuildPhase;
			buildActionMask = 2147483647;
			files = (
			);
			runOnlyForDeploymentPostprocessing = 0;
		};
		B7DEAFEB2BE8943600D4DAE6 /* Frameworks */ = {
			isa = PBXFrameworksBuildPhase;
			buildActionMask = 2147483647;
			files = (
			);
			runOnlyForDeploymentPostprocessing = 0;
		};
		B7DEAFF52BE8943600D4DAE6 /* Frameworks */ = {
			isa = PBXFrameworksBuildPhase;
			buildActionMask = 2147483647;
			files = (
			);
			runOnlyForDeploymentPostprocessing = 0;
		};
/* End PBXFrameworksBuildPhase section */

/* Begin PBXGroup section */
		B7DEAFD52BE8943500D4DAE6 = {
			isa = PBXGroup;
			children = (
				B7DEAFE02BE8943500D4DAE6 /* SwiftUIThemeProject */,
				B7DEAFF12BE8943600D4DAE6 /* SwiftUIThemeProjectTests */,
				B7DEAFFB2BE8943600D4DAE6 /* SwiftUIThemeProjectUITests */,
				B7DEAFDF2BE8943500D4DAE6 /* Products */,
			);
			sourceTree = "<group>";
		};
		B7DEAFDF2BE8943500D4DAE6 /* Products */ = {
			isa = PBXGroup;
			children = (
				B7DEAFDE2BE8943500D4DAE6 /* SwiftUIThemeProject.app */,
				B7DEAFEE2BE8943600D4DAE6 /* SwiftUIThemeProjectTests.xctest */,
				B7DEAFF82BE8943600D4DAE6 /* SwiftUIThemeProjectUITests.xctest */,
			);
			name = Products;
			sourceTree = "<group>";
		};
		B7DEAFE02BE8943500D4DAE6 /* SwiftUIThemeProject */ = {
			isa = PBXGroup;
			children = (
				B7DEAFE12BE8943500D4DAE6 /* SwiftUIThemeProjectApp.swift */,
				B7DEAFE32BE8943500D4DAE6 /* ContentView.swift */,
				B7DEAFE52BE8943600D4DAE6 /* Assets.xcassets */,
				B7DEAFE72BE8943600D4DAE6 /* Preview Content */,
			);
			path = SwiftUIThemeProject;
			sourceTree = "<group>";
		};
		B7DEAFE72BE8943600D4DAE6 /* Preview Content */ = {
			isa = PBXGroup;
			children = (
				B7DEAFE82BE8943600D4DAE6 /* Preview Assets.xcassets */,
			);
			path = "Preview Content";
			sourceTree = "<group>";
		};
		B7DEAFF12BE8943600D4DAE6 /* SwiftUIThemeProjectTests */ = {
			isa = PBXGroup;
			children = (
				B7DEAFF22BE8943600D4DAE6 /* SwiftUIThemeProjectTests.swift */,
			);
			path = SwiftUIThemeProjectTests;
			sourceTree = "<group>";
		};
		B7DEAFFB2BE8943600D4DAE6 /* SwiftUIThemeProjectUITests */ = {
			isa = PBXGroup;
			children = (
				B7DEAFFC2BE8943600D4DAE6 /* SwiftUIThemeProjectUITests.swift */,
				B7DEAFFE2BE8943600D4DAE6 /* SwiftUIThemeProjectUITestsLaunchTests.swift */,
			);
			path = SwiftUIThemeProjectUITests;
			sourceTree = "<group>";
		};
/* End PBXGroup section */

/* Begin PBXNativeTarget section */
		B7DEAFDD2BE8943500D4DAE6 /* SwiftUIThemeProject */ = {
			isa = PBXNativeTarget;
			buildConfigurationList = B7DEB0022BE8943700D4DAE6 /* Build configuration list for PBXNativeTarget "SwiftUIThemeProject" */;
			buildPhases = (
				B7DEAFDA2BE8943500D4DAE6 /* Sources */,
				B7DEAFDB2BE8943500D4DAE6 /* Frameworks */,
				B7DEAFDC2BE8943500D4DAE6 /* Resources */,
			);
			buildRules = (
			);
			dependencies = (
			);
			name = SwiftUIThemeProject;
			productName = SwiftUIThemeProject;
			productReference = B7DEAFDE2BE8943500D4DAE6 /* SwiftUIThemeProject.app */;
			productType = "com.apple.product-type.application";
		};
		B7DEAFED2BE8943600D4DAE6 /* SwiftUIThemeProjectTests */ = {
			isa = PBXNativeTarget;
			buildConfigurationList = B7DEB0052BE8943700D4DAE6 /* Build configuration list for PBXNativeTarget "SwiftUIThemeProjectTests" */;
			buildPhases = (
				B7DEAFEA2BE8943600D4DAE6 /* Sources */,
				B7DEAFEB2BE8943600D4DAE6 /* Frameworks */,
				B7DEAFEC2BE8943600D4DAE6 /* Resources */,
			);
			buildRules = (
			);
			dependencies = (
				B7DEAFF02BE8943600D4DAE6 /* PBXTargetDependency */,
			);
			name = SwiftUIThemeProjectTests;
			productName = SwiftUIThemeProjectTests;
			productReference = B7DEAFEE2BE8943600D4DAE6 /* SwiftUIThemeProjectTests.xctest */;
			productType = "com.apple.product-type.bundle.unit-test";
		};
		B7DEAFF72BE8943600D4DAE6 /* SwiftUIThemeProjectUITests */ = {
			isa = PBXNativeTarget;
			buildConfigurationList = B7DEB0082BE8943700D4DAE6 /* Build configuration list for PBXNativeTarget "SwiftUIThemeProjectUITests" */;
			buildPhases = (
				B7DEAFF42BE8943600D4DAE6 /* Sources */,
				B7DEAFF52BE8943600D4DAE6 /* Frameworks */,
				B7DEAFF62BE8943600D4DAE6 /* Resources */,
			);
			buildRules = (
			);
			dependencies = (
				B7DEAFFA2BE8943600D4DAE6 /* PBXTargetDependency */,
			);
			name = SwiftUIThemeProjectUITests;
			productName = SwiftUIThemeProjectUITests;
			productReference = B7DEAFF82BE8943600D4DAE6 /* SwiftUIThemeProjectUITests.xctest */;
			productType = "com.apple.product-type.bundle.ui-testing";
		};
/* End PBXNativeTarget section */

/* Begin PBXProject section */
		B7DEAFD62BE8943500D4DAE6 /* Project object */ = {
			isa = PBXProject;
			attributes = {
				BuildIndependentTargetsInParallel = 1;
				LastSwiftUpdateCheck = 1530;
				LastUpgradeCheck = 1530;
				TargetAttributes = {
					B7DEAFDD2BE8943500D4DAE6 = {
						CreatedOnToolsVersion = 15.3;
					};
					B7DEAFED2BE8943600D4DAE6 = {
						CreatedOnToolsVersion = 15.3;
						TestTargetID = B7DEAFDD2BE8943500D4DAE6;
					};
					B7DEAFF72BE8943600D4DAE6 = {
						CreatedOnToolsVersion = 15.3;
						TestTargetID = B7DEAFDD2BE8943500D4DAE6;
					};
				};
			};
			buildConfigurationList = B7DEAFD92BE8943500D4DAE6 /* Build configuration list for PBXProject "SwiftUIThemeProject" */;
			compatibilityVersion = "Xcode 14.0";
			developmentRegion = en;
			hasScannedForEncodings = 0;
			knownRegions = (
				en,
				Base,
			);
			mainGroup = B7DEAFD52BE8943500D4DAE6;
			productRefGroup = B7DEAFDF2BE8943500D4DAE6 /* Products */;
			projectDirPath = "";
			projectRoot = "";
			targets = (
				B7DEAFDD2BE8943500D4DAE6 /* SwiftUIThemeProject */,
				B7DEAFED2BE8943600D4DAE6 /* SwiftUIThemeProjectTests */,
				B7DEAFF72BE8943600D4DAE6 /* SwiftUIThemeProjectUITests */,
			);
		};
/* End PBXProject section */

/* Begin PBXResourcesBuildPhase section */
		B7DEAFDC2BE8943500D4DAE6 /* Resources */ = {
			isa = PBXResourcesBuildPhase;
			buildActionMask = 2147483647;
			files = (
				B7DEAFE92BE8943600D4DAE6 /* Preview Assets.xcassets in Resources */,
				B7DEAFE62BE8943600D4DAE6 /* Assets.xcassets in Resources */,
			);
			runOnlyForDeploymentPostprocessing = 0;
		};
		B7DEAFEC2BE8943600D4DAE6 /* Resources */ = {
			isa = PBXResourcesBuildPhase;
			buildActionMask = 2147483647;
			files = (
			);
			runOnlyForDeploymentPostprocessing = 0;
		};
		B7DEAFF62BE8943600D4DAE6 /* Resources */ = {
			isa = PBXResourcesBuildPhase;
			buildActionMask = 2147483647;
			files = (
			);
			runOnlyForDeploymentPostprocessing = 0;
		};
/* End PBXResourcesBuildPhase section */

/* Begin PBXSourcesBuildPhase section */
		B7DEAFDA2BE8943500D4DAE6 /* Sources */ = {
			isa = PBXSourcesBuildPhase;
			buildActionMask = 2147483647;
			files = (
				B7DEAFE42BE8943500D4DAE6 /* ContentView.swift in Sources */,
				B7DEAFE22BE8943500D4DAE6 /* SwiftUIThemeProjectApp.swift in Sources */,
			);
			runOnlyForDeploymentPostprocessing = 0;
		};
		B7DEAFEA2BE8943600D4DAE6 /* Sources */ = {
			isa = PBXSourcesBuildPhase;
			buildActionMask = 2147483647;
			files = (
				B7DEAFF32BE8943600D4DAE6 /* SwiftUIThemeProjectTests.swift in Sources */,
			);
			runOnlyForDeploymentPostprocessing = 0;
		};
		B7DEAFF42BE8943600D4DAE6 /* Sources */ = {
			isa = PBXSourcesBuildPhase;
			buildActionMask = 2147483647;
			files = (
				B7DEAFFF2BE8943600D4DAE6 /* SwiftUIThemeProjectUITestsLaunchTests.swift in Sources */,
				B7DEAFFD2BE8943600D4DAE6 /* SwiftUIThemeProjectUITests.swift in Sources */,
			);
			runOnlyForDeploymentPostprocessing = 0;
		};
/* End PBXSourcesBuildPhase section */

/* Begin PBXTargetDependency section */
		B7DEAFF02BE8943600D4DAE6 /* PBXTargetDependency */ = {
			isa = PBXTargetDependency;
			target = B7DEAFDD2BE8943500D4DAE6 /* SwiftUIThemeProject */;
			targetProxy = B7DEAFEF2BE8943600D4DAE6 /* PBXContainerItemProxy */;
		};
		B7DEAFFA2BE8943600D4DAE6 /* PBXTargetDependency */ = {
			isa = PBXTargetDependency;
			target = B7DEAFDD2BE8943500D4DAE6 /* SwiftUIThemeProject */;
			targetProxy = B7DEAFF92BE8943600D4DAE6 /* PBXContainerItemProxy */;
		};
/* End PBXTargetDependency section */

/* Begin XCBuildConfiguration section */
		B7DEB0002BE8943700D4DAE6 /* Debug */ = {
			isa = XCBuildConfiguration;
			buildSettings = {
				ALWAYS_SEARCH_USER_PATHS = NO;
				ASSETCATALOG_COMPILER_GENERATE_SWIFT_ASSET_SYMBOL_EXTENSIONS = YES;
				CLANG_ANALYZER_NONNULL = YES;
				CLANG_ANALYZER_NUMBER_OBJECT_CONVERSION = YES_AGGRESSIVE;
				CLANG_CXX_LANGUAGE_STANDARD = "gnu++20";
				CLANG_ENABLE_MODULES = YES;
				CLANG_ENABLE_OBJC_ARC = YES;
				CLANG_ENABLE_OBJC_WEAK = YES;
				CLANG_WARN_BLOCK_CAPTURE_AUTORELEASING = YES;
				CLANG_WARN_BOOL_CONVERSION = YES;
				CLANG_WARN_COMMA = YES;
				CLANG_WARN_CONSTANT_CONVERSION = YES;
				CLANG_WARN_DEPRECATED_OBJC_IMPLEMENTATIONS = YES;
				CLANG_WARN_DIRECT_OBJC_ISA_USAGE = YES_ERROR;
				CLANG_WARN_DOCUMENTATION_COMMENTS = YES;
				CLANG_WARN_EMPTY_BODY = YES;
				CLANG_WARN_ENUM_CONVERSION = YES;
				CLANG_WARN_INFINITE_RECURSION = YES;
				CLANG_WARN_INT_CONVERSION = YES;
				CLANG_WARN_NON_LITERAL_NULL_CONVERSION = YES;
				CLANG_WARN_OBJC_IMPLICIT_RETAIN_SELF = YES;
				CLANG_WARN_OBJC_LITERAL_CONVERSION = YES;
				CLANG_WARN_OBJC_ROOT_CLASS = YES_ERROR;
				CLANG_WARN_QUOTED_INCLUDE_IN_FRAMEWORK_HEADER = YES;
				CLANG_WARN_RANGE_LOOP_ANALYSIS = YES;
				CLANG_WARN_STRICT_PROTOTYPES = YES;
				CLANG_WARN_SUSPICIOUS_MOVE = YES;
				CLANG_WARN_UNGUARDED_AVAILABILITY = YES_AGGRESSIVE;
				CLANG_WARN_UNREACHABLE_CODE = YES;
				CLANG_WARN__DUPLICATE_METHOD_MATCH = YES;
				COPY_PHASE_STRIP = NO;
				DEBUG_INFORMATION_FORMAT = dwarf;
				ENABLE_STRICT_OBJC_MSGSEND = YES;
				ENABLE_TESTABILITY = YES;
				ENABLE_USER_SCRIPT_SANDBOXING = YES;
				GCC_C_LANGUAGE_STANDARD = gnu17;
				GCC_DYNAMIC_NO_PIC = NO;
				GCC_NO_COMMON_BLOCKS = YES;
				GCC_OPTIMIZATION_LEVEL = 0;
				GCC_PREPROCESSOR_DEFINITIONS = (
					"DEBUG=1",
					"$(inherited)",
				);
				GCC_WARN_64_TO_32_BIT_CONVERSION = YES;
				GCC_WARN_ABOUT_RETURN_TYPE = YES_ERROR;
				GCC_WARN_UNDECLARED_SELECTOR = YES;
				GCC_WARN_UNINITIALIZED_AUTOS = YES_AGGRESSIVE;
				GCC_WARN_UNUSED_FUNCTION = YES;
				GCC_WARN_UNUSED_VARIABLE = YES;
				IPHONEOS_DEPLOYMENT_TARGET = 17.4;
				LOCALIZATION_PREFERS_STRING_CATALOGS = YES;
				MTL_ENABLE_DEBUG_INFO = INCLUDE_SOURCE;
				MTL_FAST_MATH = YES;
				ONLY_ACTIVE_ARCH = YES;
				SDKROOT = iphoneos;
				SWIFT_ACTIVE_COMPILATION_CONDITIONS = "DEBUG $(inherited)";
				SWIFT_OPTIMIZATION_LEVEL = "-Onone";
			};
			name = Debug;
		};
		B7DEB0012BE8943700D4DAE6 /* Release */ = {
			isa = XCBuildConfiguration;
			buildSettings = {
				ALWAYS_SEARCH_USER_PATHS = NO;
				ASSETCATALOG_COMPILER_GENERATE_SWIFT_ASSET_SYMBOL_EXTENSIONS = YES;
				CLANG_ANALYZER_NONNULL = YES;
				CLANG_ANALYZER_NUMBER_OBJECT_CONVERSION = YES_AGGRESSIVE;
				CLANG_CXX_LANGUAGE_STANDARD = "gnu++20";
				CLANG_ENABLE_MODULES = YES;
				CLANG_ENABLE_OBJC_ARC = YES;
				CLANG_ENABLE_OBJC_WEAK = YES;
				CLANG_WARN_BLOCK_CAPTURE_AUTORELEASING = YES;
				CLANG_WARN_BOOL_CONVERSION = YES;
				CLANG_WARN_COMMA = YES;
				CLANG_WARN_CONSTANT_CONVERSION = YES;
				CLANG_WARN_DEPRECATED_OBJC_IMPLEMENTATIONS = YES;
				CLANG_WARN_DIRECT_OBJC_ISA_USAGE = YES_ERROR;
				CLANG_WARN_DOCUMENTATION_COMMENTS = YES;
				CLANG_WARN_EMPTY_BODY = YES;
				CLANG_WARN_ENUM_CONVERSION = YES;
				CLANG_WARN_INFINITE_RECURSION = YES;
				CLANG_WARN_INT_CONVERSION = YES;
				CLANG_WARN_NON_LITERAL_NULL_CONVERSION = YES;
				CLANG_WARN_OBJC_IMPLICIT_RETAIN_SELF = YES;
				CLANG_WARN_OBJC_LITERAL_CONVERSION = YES;
				CLANG_WARN_OBJC_ROOT_CLASS = YES_ERROR;
				CLANG_WARN_QUOTED_INCLUDE_IN_FRAMEWORK_HEADER = YES;
				CLANG_WARN_RANGE_LOOP_ANALYSIS = YES;
				CLANG_WARN_STRICT_PROTOTYPES = YES;
				CLANG_WARN_SUSPICIOUS_MOVE = YES;
				CLANG_WARN_UNGUARDED_AVAILABILITY = YES_AGGRESSIVE;
				CLANG_WARN_UNREACHABLE_CODE = YES;
				CLANG_WARN__DUPLICATE_METHOD_MATCH = YES;
				COPY_PHASE_STRIP = NO;
				DEBUG_INFORMATION_FORMAT = "dwarf-with-dsym";
				ENABLE_NS_ASSERTIONS = NO;
				ENABLE_STRICT_OBJC_MSGSEND = YES;
				ENABLE_USER_SCRIPT_SANDBOXING = YES;
				GCC_C_LANGUAGE_STANDARD = gnu17;
				GCC_NO_COMMON_BLOCKS = YES;
				GCC_WARN_64_TO_32_BIT_CONVERSION = YES;
				GCC_WARN_ABOUT_RETURN_TYPE = YES_ERROR;
				GCC_WARN_UNDECLARED_SELECTOR = YES;
				GCC_WARN_UNINITIALIZED_AUTOS = YES_AGGRESSIVE;
				GCC_WARN_UNUSED_FUNCTION = YES;
				GCC_WARN_UNUSED_VARIABLE = YES;
				IPHONEOS_DEPLOYMENT_TARGET = 17.4;
				LOCALIZATION_PREFERS_STRING_CATALOGS = YES;
				MTL_ENABLE_DEBUG_INFO = NO;
				MTL_FAST_MATH = YES;
				SDKROOT = iphoneos;
				SWIFT_COMPILATION_MODE = wholemodule;
				VALIDATE_PRODUCT = YES;
			};
			name = Release;
		};
		B7DEB0032BE8943700D4DAE6 /* Debug */ = {
			isa = XCBuildConfiguration;
			buildSettings = {
				ASSETCATALOG_COMPILER_APPICON_NAME = AppIcon;
				ASSETCATALOG_COMPILER_GLOBAL_ACCENT_COLOR_NAME = AccentColor;
				CODE_SIGN_STYLE = Automatic;
				CURRENT_PROJECT_VERSION = 1;
				DEVELOPMENT_ASSET_PATHS = "\"SwiftUIThemeProject/Preview Content\"";
				DEVELOPMENT_TEAM = HMPQ2T7A72;
				ENABLE_PREVIEWS = YES;
				GENERATE_INFOPLIST_FILE = YES;
				INFOPLIST_KEY_UIApplicationSceneManifest_Generation = YES;
				INFOPLIST_KEY_UIApplicationSupportsIndirectInputEvents = YES;
				INFOPLIST_KEY_UILaunchScreen_Generation = YES;
				INFOPLIST_KEY_UISupportedInterfaceOrientations_iPad = "UIInterfaceOrientationPortrait UIInterfaceOrientationPortraitUpsideDown UIInterfaceOrientationLandscapeLeft UIInterfaceOrientationLandscapeRight";
				INFOPLIST_KEY_UISupportedInterfaceOrientations_iPhone = "UIInterfaceOrientationPortrait UIInterfaceOrientationLandscapeLeft UIInterfaceOrientationLandscapeRight";
				IPHONEOS_DEPLOYMENT_TARGET = 15.0;
				LD_RUNPATH_SEARCH_PATHS = (
					"$(inherited)",
					"@executable_path/Frameworks",
				);
				MARKETING_VERSION = 1.0;
				PRODUCT_BUNDLE_IDENTIFIER = com..theme.ui.abc.abc.SwiftUIThemeProject;
				PRODUCT_NAME = "$(TARGET_NAME)";
				SWIFT_EMIT_LOC_STRINGS = YES;
				SWIFT_VERSION = 5.0;
				TARGETED_DEVICE_FAMILY = "1,2";
			};
			name = Debug;
		};
		B7DEB0042BE8943700D4DAE6 /* Release */ = {
			isa = XCBuildConfiguration;
			buildSettings = {
				ASSETCATALOG_COMPILER_APPICON_NAME = AppIcon;
				ASSETCATALOG_COMPILER_GLOBAL_ACCENT_COLOR_NAME = AccentColor;
				CODE_SIGN_STYLE = Automatic;
				CURRENT_PROJECT_VERSION = 1;
				DEVELOPMENT_ASSET_PATHS = "\"SwiftUIThemeProject/Preview Content\"";
				DEVELOPMENT_TEAM = HMPQ2T7A72;
				ENABLE_PREVIEWS = YES;
				GENERATE_INFOPLIST_FILE = YES;
				INFOPLIST_KEY_UIApplicationSceneManifest_Generation = YES;
				INFOPLIST_KEY_UIApplicationSupportsIndirectInputEvents = YES;
				INFOPLIST_KEY_UILaunchScreen_Generation = YES;
				INFOPLIST_KEY_UISupportedInterfaceOrientations_iPad = "UIInterfaceOrientationPortrait UIInterfaceOrientationPortraitUpsideDown UIInterfaceOrientationLandscapeLeft UIInterfaceOrientationLandscapeRight";
				INFOPLIST_KEY_UISupportedInterfaceOrientations_iPhone = "UIInterfaceOrientationPortrait UIInterfaceOrientationLandscapeLeft UIInterfaceOrientationLandscapeRight";
				IPHONEOS_DEPLOYMENT_TARGET = 15.0;
				LD_RUNPATH_SEARCH_PATHS = (
					"$(inherited)",
					"@executable_path/Frameworks",
				);
				MARKETING_VERSION = 1.0;
				PRODUCT_BUNDLE_IDENTIFIER = com..theme.ui.abc.abc.SwiftUIThemeProject;
				PRODUCT_NAME = "$(TARGET_NAME)";
				SWIFT_EMIT_LOC_STRINGS = YES;
				SWIFT_VERSION = 5.0;
				TARGETED_DEVICE_FAMILY = "1,2";
			};
			name = Release;
		};
		B7DEB0062BE8943700D4DAE6 /* Debug */ = {
			isa = XCBuildConfiguration;
			buildSettings = {
				ALWAYS_EMBED_SWIFT_STANDARD_LIBRARIES = YES;
				BUNDLE_LOADER = "$(TEST_HOST)";
				CODE_SIGN_STYLE = Automatic;
				CURRENT_PROJECT_VERSION = 1;
				DEVELOPMENT_TEAM = HMPQ2T7A72;
				GENERATE_INFOPLIST_FILE = YES;
				IPHONEOS_DEPLOYMENT_TARGET = 17.4;
				MARKETING_VERSION = 1.0;
				PRODUCT_BUNDLE_IDENTIFIER = com..theme.ui.abc.abc.SwiftUIThemeProjectTests;
				PRODUCT_NAME = "$(TARGET_NAME)";
				SWIFT_EMIT_LOC_STRINGS = NO;
				SWIFT_VERSION = 5.0;
				TARGETED_DEVICE_FAMILY = "1,2";
				TEST_HOST = "$(BUILT_PRODUCTS_DIR)/SwiftUIThemeProject.app/$(BUNDLE_EXECUTABLE_FOLDER_PATH)/SwiftUIThemeProject";
			};
			name = Debug;
		};
		B7DEB0072BE8943700D4DAE6 /* Release */ = {
			isa = XCBuildConfiguration;
			buildSettings = {
				ALWAYS_EMBED_SWIFT_STANDARD_LIBRARIES = YES;
				BUNDLE_LOADER = "$(TEST_HOST)";
				CODE_SIGN_STYLE = Automatic;
				CURRENT_PROJECT_VERSION = 1;
				DEVELOPMENT_TEAM = HMPQ2T7A72;
				GENERATE_INFOPLIST_FILE = YES;
				IPHONEOS_DEPLOYMENT_TARGET = 17.4;
				MARKETING_VERSION = 1.0;
				PRODUCT_BUNDLE_IDENTIFIER = com..theme.ui.abc.abc.SwiftUIThemeProjectTests;
				PRODUCT_NAME = "$(TARGET_NAME)";
				SWIFT_EMIT_LOC_STRINGS = NO;
				SWIFT_VERSION = 5.0;
				TARGETED_DEVICE_FAMILY = "1,2";
				TEST_HOST = "$(BUILT_PRODUCTS_DIR)/SwiftUIThemeProject.app/$(BUNDLE_EXECUTABLE_FOLDER_PATH)/SwiftUIThemeProject";
			};
			name = Release;
		};
		B7DEB0092BE8943700D4DAE6 /* Debug */ = {
			isa = XCBuildConfiguration;
			buildSettings = {
				ALWAYS_EMBED_SWIFT_STANDARD_LIBRARIES = YES;
				CODE_SIGN_STYLE = Automatic;
				CURRENT_PROJECT_VERSION = 1;
				DEVELOPMENT_TEAM = HMPQ2T7A72;
				GENERATE_INFOPLIST_FILE = YES;
				MARKETING_VERSION = 1.0;
				PRODUCT_BUNDLE_IDENTIFIER = com..theme.ui.abc.abc.SwiftUIThemeProjectUITests;
				PRODUCT_NAME = "$(TARGET_NAME)";
				SWIFT_EMIT_LOC_STRINGS = NO;
				SWIFT_VERSION = 5.0;
				TARGETED_DEVICE_FAMILY = "1,2";
				TEST_TARGET_NAME = SwiftUIThemeProject;
			};
			name = Debug;
		};
		B7DEB00A2BE8943700D4DAE6 /* Release */ = {
			isa = XCBuildConfiguration;
			buildSettings = {
				ALWAYS_EMBED_SWIFT_STANDARD_LIBRARIES = YES;
				CODE_SIGN_STYLE = Automatic;
				CURRENT_PROJECT_VERSION = 1;
				DEVELOPMENT_TEAM = HMPQ2T7A72;
				GENERATE_INFOPLIST_FILE = YES;
				MARKETING_VERSION = 1.0;
				PRODUCT_BUNDLE_IDENTIFIER = com..theme.ui.abc.abc.SwiftUIThemeProjectUITests;
				PRODUCT_NAME = "$(TARGET_NAME)";
				SWIFT_EMIT_LOC_STRINGS = NO;
				SWIFT_VERSION = 5.0;
				TARGETED_DEVICE_FAMILY = "1,2";
				TEST_TARGET_NAME = SwiftUIThemeProject;
			};
			name = Release;
		};
/* End XCBuildConfiguration section */

/* Begin XCConfigurationList section */
		B7DEAFD92BE8943500D4DAE6 /* Build configuration list for PBXProject "SwiftUIThemeProject" */ = {
			isa = XCConfigurationList;
			buildConfigurations = (
				B7DEB0002BE8943700D4DAE6 /* Debug */,
				B7DEB0012BE8943700D4DAE6 /* Release */,
			);
			defaultConfigurationIsVisible = 0;
			defaultConfigurationName = Release;
		};
		B7DEB0022BE8943700D4DAE6 /* Build configuration list for PBXNativeTarget "SwiftUIThemeProject" */ = {
			isa = XCConfigurationList;
			buildConfigurations = (
				B7DEB0032BE8943700D4DAE6 /* Debug */,
				B7DEB0042BE8943700D4DAE6 /* Release */,
			);
			defaultConfigurationIsVisible = 0;
			defaultConfigurationName = Release;
		};
		B7DEB0052BE8943700D4DAE6 /* Build configuration list for PBXNativeTarget "SwiftUIThemeProjectTests" */ = {
			isa = XCConfigurationList;
			buildConfigurations = (
				B7DEB0062BE8943700D4DAE6 /* Debug */,
				B7DEB0072BE8943700D4DAE6 /* Release */,
			);
			defaultConfigurationIsVisible = 0;
			defaultConfigurationName = Release;
		};
		B7DEB0082BE8943700D4DAE6 /* Build configuration list for PBXNativeTarget "SwiftUIThemeProjectUITests" */ = {
			isa = XCConfigurationList;
			buildConfigurations = (
				B7DEB0092BE8943700D4DAE6 /* Debug */,
				B7DEB00A2BE8943700D4DAE6 /* Release */,
			);
			defaultConfigurationIsVisible = 0;
			defaultConfigurationName = Release;
		};
/* End XCConfigurationList section */
	};
	rootObject = B7DEAFD62BE8943500D4DAE6 /* Project object */;
}
