// !$*UTF8*$!
{
	archiveVersion = 1;
	classes = {
	};
	objectVersion = 56;
	objects = {

/* Begin PBXBuildFile section */
		229F4A5E2B071E63996E3747 /* Pods_DatingAppScreens.framework in Frameworks */ = {isa = PBXBuildFile; fileRef = 56D6423D422173057F0291F6 /* Pods_DatingAppScreens.framework */; };
		365AC1F703A7D08A80217E15 /* Pods_DatingAppScreensTests.framework in Frameworks */ = {isa = PBXBuildFile; fileRef = DEA2D24977437D01B7513847 /* Pods_DatingAppScreensTests.framework */; };
		6D3A0FF4CA5BD3A77D0949E1 /* Pods_DatingAppScreens_DatingAppScreensUITests.framework in Frameworks */ = {isa = PBXBuildFile; fileRef = 5908A022A92C6953702C3068 /* Pods_DatingAppScreens_DatingAppScreensUITests.framework */; };
		B73A22732BF09DB300D5B3B2 /* ForYouMatches.swift in Sources */ = {isa = PBXBuildFile; fileRef = B73A22722BF09DB300D5B3B2 /* ForYouMatches.swift */; };
		B750C9EC2BEF401200B278B7 /* MatchesNewDevs.swift in Sources */ = {isa = PBXBuildFile; fileRef = B750C9EB2BEF401200B278B7 /* MatchesNewDevs.swift */; };
		B750C9EE2BEF4C9300B278B7 /* MachesScreen.swift in Sources */ = {isa = PBXBuildFile; fileRef = B750C9ED2BEF4C9300B278B7 /* MachesScreen.swift */; };
		B76039252BF0F8A90088DFB7 /* HomeView.swift in Sources */ = {isa = PBXBuildFile; fileRef = B76039242BF0F8A90088DFB7 /* HomeView.swift */; };
		B77A36F42BF863D00051ACF1 /* RegisterView.swift in Sources */ = {isa = PBXBuildFile; fileRef = B77A36F32BF863D00051ACF1 /* RegisterView.swift */; };
		B793200D2BF4975300FE954A /* LoginView.swift in Sources */ = {isa = PBXBuildFile; fileRef = B793200C2BF4975300FE954A /* LoginView.swift */; };
		B793200F2BF49AEF00FE954A /* SignUpData.swift in Sources */ = {isa = PBXBuildFile; fileRef = B793200E2BF49AEF00FE954A /* SignUpData.swift */; };
		B79D44D02BEF1F2B00F0AA8B /* DatingAppScreensApp.swift in Sources */ = {isa = PBXBuildFile; fileRef = B79D44CF2BEF1F2B00F0AA8B /* DatingAppScreensApp.swift */; };
		B79D44D22BEF1F2B00F0AA8B /* ContentView.swift in Sources */ = {isa = PBXBuildFile; fileRef = B79D44D12BEF1F2B00F0AA8B /* ContentView.swift */; };
		B79D44D42BEF1F2C00F0AA8B /* Assets.xcassets in Resources */ = {isa = PBXBuildFile; fileRef = B79D44D32BEF1F2C00F0AA8B /* Assets.xcassets */; };
		B79D44D72BEF1F2C00F0AA8B /* Preview Assets.xcassets in Resources */ = {isa = PBXBuildFile; fileRef = B79D44D62BEF1F2C00F0AA8B /* Preview Assets.xcassets */; };
		B79D44E12BEF1F2C00F0AA8B /* DatingAppScreensTests.swift in Sources */ = {isa = PBXBuildFile; fileRef = B79D44E02BEF1F2C00F0AA8B /* DatingAppScreensTests.swift */; };
		B79D44EB2BEF1F2C00F0AA8B /* DatingAppScreensUITests.swift in Sources */ = {isa = PBXBuildFile; fileRef = B79D44EA2BEF1F2C00F0AA8B /* DatingAppScreensUITests.swift */; };
		B79D44ED2BEF1F2C00F0AA8B /* DatingAppScreensUITestsLaunchTests.swift in Sources */ = {isa = PBXBuildFile; fileRef = B79D44EC2BEF1F2C00F0AA8B /* DatingAppScreensUITestsLaunchTests.swift */; };
		B7EC28582BF8B5AC004CC808 /* SkeletonLoadingExample.swift in Sources */ = {isa = PBXBuildFile; fileRef = B7EC28572BF8B5AC004CC808 /* SkeletonLoadingExample.swift */; };
/* End PBXBuildFile section */

/* Begin PBXContainerItemProxy section */
		B79D44DD2BEF1F2C00F0AA8B /* PBXContainerItemProxy */ = {
			isa = PBXContainerItemProxy;
			containerPortal = B79D44C42BEF1F2B00F0AA8B /* Project object */;
			proxyType = 1;
			remoteGlobalIDString = B79D44CB2BEF1F2B00F0AA8B;
			remoteInfo = DatingAppScreens;
		};
		B79D44E72BEF1F2C00F0AA8B /* PBXContainerItemProxy */ = {
			isa = PBXContainerItemProxy;
			containerPortal = B79D44C42BEF1F2B00F0AA8B /* Project object */;
			proxyType = 1;
			remoteGlobalIDString = B79D44CB2BEF1F2B00F0AA8B;
			remoteInfo = DatingAppScreens;
		};
/* End PBXContainerItemProxy section */

/* Begin PBXFileReference section */
		0704D2C6FBFB4E99120A74DB /* Pods-DatingAppScreens.release.xcconfig */ = {isa = PBXFileReference; includeInIndex = 1; lastKnownFileType = text.xcconfig; name = "Pods-DatingAppScreens.release.xcconfig"; path = "Target Support Files/Pods-DatingAppScreens/Pods-DatingAppScreens.release.xcconfig"; sourceTree = "<group>"; };
		0EDCCE34BD6CF6A2D4324C88 /* Pods-DatingAppScreens-DatingAppScreensUITests.release.xcconfig */ = {isa = PBXFileReference; includeInIndex = 1; lastKnownFileType = text.xcconfig; name = "Pods-DatingAppScreens-DatingAppScreensUITests.release.xcconfig"; path = "Target Support Files/Pods-DatingAppScreens-DatingAppScreensUITests/Pods-DatingAppScreens-DatingAppScreensUITests.release.xcconfig"; sourceTree = "<group>"; };
		56D6423D422173057F0291F6 /* Pods_DatingAppScreens.framework */ = {isa = PBXFileReference; explicitFileType = wrapper.framework; includeInIndex = 0; path = Pods_DatingAppScreens.framework; sourceTree = BUILT_PRODUCTS_DIR; };
		5908A022A92C6953702C3068 /* Pods_DatingAppScreens_DatingAppScreensUITests.framework */ = {isa = PBXFileReference; explicitFileType = wrapper.framework; includeInIndex = 0; path = Pods_DatingAppScreens_DatingAppScreensUITests.framework; sourceTree = BUILT_PRODUCTS_DIR; };
		6C44028247DE3F265FC19372 /* Pods-DatingAppScreens.debug.xcconfig */ = {isa = PBXFileReference; includeInIndex = 1; lastKnownFileType = text.xcconfig; name = "Pods-DatingAppScreens.debug.xcconfig"; path = "Target Support Files/Pods-DatingAppScreens/Pods-DatingAppScreens.debug.xcconfig"; sourceTree = "<group>"; };
		7ECCFAEC1255AB8C35C488A0 /* Pods-DatingAppScreens-DatingAppScreensUITests.debug.xcconfig */ = {isa = PBXFileReference; includeInIndex = 1; lastKnownFileType = text.xcconfig; name = "Pods-DatingAppScreens-DatingAppScreensUITests.debug.xcconfig"; path = "Target Support Files/Pods-DatingAppScreens-DatingAppScreensUITests/Pods-DatingAppScreens-DatingAppScreensUITests.debug.xcconfig"; sourceTree = "<group>"; };
		B32D99110D926EDF7555D8EA /* Pods-DatingAppScreensTests.debug.xcconfig */ = {isa = PBXFileReference; includeInIndex = 1; lastKnownFileType = text.xcconfig; name = "Pods-DatingAppScreensTests.debug.xcconfig"; path = "Target Support Files/Pods-DatingAppScreensTests/Pods-DatingAppScreensTests.debug.xcconfig"; sourceTree = "<group>"; };
		B73A22722BF09DB300D5B3B2 /* ForYouMatches.swift */ = {isa = PBXFileReference; lastKnownFileType = sourcecode.swift; path = ForYouMatches.swift; sourceTree = "<group>"; };
		B750C9EB2BEF401200B278B7 /* MatchesNewDevs.swift */ = {isa = PBXFileReference; lastKnownFileType = sourcecode.swift; path = MatchesNewDevs.swift; sourceTree = "<group>"; };
		B750C9ED2BEF4C9300B278B7 /* MachesScreen.swift */ = {isa = PBXFileReference; lastKnownFileType = sourcecode.swift; path = MachesScreen.swift; sourceTree = "<group>"; };
		B76039242BF0F8A90088DFB7 /* HomeView.swift */ = {isa = PBXFileReference; lastKnownFileType = sourcecode.swift; path = HomeView.swift; sourceTree = "<group>"; };
		B77A36F32BF863D00051ACF1 /* RegisterView.swift */ = {isa = PBXFileReference; lastKnownFileType = sourcecode.swift; path = RegisterView.swift; sourceTree = "<group>"; };
		B793200C2BF4975300FE954A /* LoginView.swift */ = {isa = PBXFileReference; lastKnownFileType = sourcecode.swift; path = LoginView.swift; sourceTree = "<group>"; };
		B793200E2BF49AEF00FE954A /* SignUpData.swift */ = {isa = PBXFileReference; lastKnownFileType = sourcecode.swift; path = SignUpData.swift; sourceTree = "<group>"; };
		B7957DA62BF76CA700D7E26A /* Info.plist */ = {isa = PBXFileReference; lastKnownFileType = text.plist; path = Info.plist; sourceTree = "<group>"; };
		B79D44CC2BEF1F2B00F0AA8B /* DatingAppScreens.app */ = {isa = PBXFileReference; explicitFileType = wrapper.application; includeInIndex = 0; path = DatingAppScreens.app; sourceTree = BUILT_PRODUCTS_DIR; };
		B79D44CF2BEF1F2B00F0AA8B /* DatingAppScreensApp.swift */ = {isa = PBXFileReference; lastKnownFileType = sourcecode.swift; path = DatingAppScreensApp.swift; sourceTree = "<group>"; };
		B79D44D12BEF1F2B00F0AA8B /* ContentView.swift */ = {isa = PBXFileReference; lastKnownFileType = sourcecode.swift; path = ContentView.swift; sourceTree = "<group>"; };
		B79D44D32BEF1F2C00F0AA8B /* Assets.xcassets */ = {isa = PBXFileReference; lastKnownFileType = folder.assetcatalog; path = Assets.xcassets; sourceTree = "<group>"; };
		B79D44D62BEF1F2C00F0AA8B /* Preview Assets.xcassets */ = {isa = PBXFileReference; lastKnownFileType = folder.assetcatalog; path = "Preview Assets.xcassets"; sourceTree = "<group>"; };
		B79D44DC2BEF1F2C00F0AA8B /* DatingAppScreensTests.xctest */ = {isa = PBXFileReference; explicitFileType = wrapper.cfbundle; includeInIndex = 0; path = DatingAppScreensTests.xctest; sourceTree = BUILT_PRODUCTS_DIR; };
		B79D44E02BEF1F2C00F0AA8B /* DatingAppScreensTests.swift */ = {isa = PBXFileReference; lastKnownFileType = sourcecode.swift; path = DatingAppScreensTests.swift; sourceTree = "<group>"; };
		B79D44E62BEF1F2C00F0AA8B /* DatingAppScreensUITests.xctest */ = {isa = PBXFileReference; explicitFileType = wrapper.cfbundle; includeInIndex = 0; path = DatingAppScreensUITests.xctest; sourceTree = BUILT_PRODUCTS_DIR; };
		B79D44EA2BEF1F2C00F0AA8B /* DatingAppScreensUITests.swift */ = {isa = PBXFileReference; lastKnownFileType = sourcecode.swift; path = DatingAppScreensUITests.swift; sourceTree = "<group>"; };
		B79D44EC2BEF1F2C00F0AA8B /* DatingAppScreensUITestsLaunchTests.swift */ = {isa = PBXFileReference; lastKnownFileType = sourcecode.swift; path = DatingAppScreensUITestsLaunchTests.swift; sourceTree = "<group>"; };
		B7EC28572BF8B5AC004CC808 /* SkeletonLoadingExample.swift */ = {isa = PBXFileReference; lastKnownFileType = sourcecode.swift; path = SkeletonLoadingExample.swift; sourceTree = "<group>"; };
		DEA2D24977437D01B7513847 /* Pods_DatingAppScreensTests.framework */ = {isa = PBXFileReference; explicitFileType = wrapper.framework; includeInIndex = 0; path = Pods_DatingAppScreensTests.framework; sourceTree = BUILT_PRODUCTS_DIR; };
		ECB4CB945EA494BDC5A4916E /* Pods-DatingAppScreensTests.release.xcconfig */ = {isa = PBXFileReference; includeInIndex = 1; lastKnownFileType = text.xcconfig; name = "Pods-DatingAppScreensTests.release.xcconfig"; path = "Target Support Files/Pods-DatingAppScreensTests/Pods-DatingAppScreensTests.release.xcconfig"; sourceTree = "<group>"; };
/* End PBXFileReference section */

/* Begin PBXFrameworksBuildPhase section */
		B79D44C92BEF1F2B00F0AA8B /* Frameworks */ = {
			isa = PBXFrameworksBuildPhase;
			buildActionMask = 2147483647;
			files = (
				229F4A5E2B071E63996E3747 /* Pods_DatingAppScreens.framework in Frameworks */,
			);
			runOnlyForDeploymentPostprocessing = 0;
		};
		B79D44D92BEF1F2C00F0AA8B /* Frameworks */ = {
			isa = PBXFrameworksBuildPhase;
			buildActionMask = 2147483647;
			files = (
				365AC1F703A7D08A80217E15 /* Pods_DatingAppScreensTests.framework in Frameworks */,
			);
			runOnlyForDeploymentPostprocessing = 0;
		};
		B79D44E32BEF1F2C00F0AA8B /* Frameworks */ = {
			isa = PBXFrameworksBuildPhase;
			buildActionMask = 2147483647;
			files = (
				6D3A0FF4CA5BD3A77D0949E1 /* Pods_DatingAppScreens_DatingAppScreensUITests.framework in Frameworks */,
			);
			runOnlyForDeploymentPostprocessing = 0;
		};
/* End PBXFrameworksBuildPhase section */

/* Begin PBXGroup section */
		10678ABA99E9089F3922F237 /* Frameworks */ = {
			isa = PBXGroup;
			children = (
				56D6423D422173057F0291F6 /* Pods_DatingAppScreens.framework */,
				5908A022A92C6953702C3068 /* Pods_DatingAppScreens_DatingAppScreensUITests.framework */,
				DEA2D24977437D01B7513847 /* Pods_DatingAppScreensTests.framework */,
			);
			name = Frameworks;
			sourceTree = "<group>";
		};
		B79D44C32BEF1F2B00F0AA8B = {
			isa = PBXGroup;
			children = (
				B79D44CE2BEF1F2B00F0AA8B /* DatingAppScreens */,
				B79D44DF2BEF1F2C00F0AA8B /* DatingAppScreensTests */,
				B79D44E92BEF1F2C00F0AA8B /* DatingAppScreensUITests */,
				B79D44CD2BEF1F2B00F0AA8B /* Products */,
				B88FA1018DFEE776CF1EF96E /* Pods */,
				10678ABA99E9089F3922F237 /* Frameworks */,
			);
			sourceTree = "<group>";
		};
		B79D44CD2BEF1F2B00F0AA8B /* Products */ = {
			isa = PBXGroup;
			children = (
				B79D44CC2BEF1F2B00F0AA8B /* DatingAppScreens.app */,
				B79D44DC2BEF1F2C00F0AA8B /* DatingAppScreensTests.xctest */,
				B79D44E62BEF1F2C00F0AA8B /* DatingAppScreensUITests.xctest */,
			);
			name = Products;
			sourceTree = "<group>";
		};
		B79D44CE2BEF1F2B00F0AA8B /* DatingAppScreens */ = {
			isa = PBXGroup;
			children = (
				B7957DA62BF76CA700D7E26A /* Info.plist */,
				B79D44CF2BEF1F2B00F0AA8B /* DatingAppScreensApp.swift */,
				B79D44D12BEF1F2B00F0AA8B /* ContentView.swift */,
				B79D44D32BEF1F2C00F0AA8B /* Assets.xcassets */,
				B79D44D52BEF1F2C00F0AA8B /* Preview Content */,
				B750C9EB2BEF401200B278B7 /* MatchesNewDevs.swift */,
				B750C9ED2BEF4C9300B278B7 /* MachesScreen.swift */,
				B73A22722BF09DB300D5B3B2 /* ForYouMatches.swift */,
				B76039242BF0F8A90088DFB7 /* HomeView.swift */,
				B793200C2BF4975300FE954A /* LoginView.swift */,
				B793200E2BF49AEF00FE954A /* SignUpData.swift */,
				B77A36F32BF863D00051ACF1 /* RegisterView.swift */,
				B7EC28572BF8B5AC004CC808 /* SkeletonLoadingExample.swift */,
			);
			path = DatingAppScreens;
			sourceTree = "<group>";
		};
		B79D44D52BEF1F2C00F0AA8B /* Preview Content */ = {
			isa = PBXGroup;
			children = (
				B79D44D62BEF1F2C00F0AA8B /* Preview Assets.xcassets */,
			);
			path = "Preview Content";
			sourceTree = "<group>";
		};
		B79D44DF2BEF1F2C00F0AA8B /* DatingAppScreensTests */ = {
			isa = PBXGroup;
			children = (
				B79D44E02BEF1F2C00F0AA8B /* DatingAppScreensTests.swift */,
			);
			path = DatingAppScreensTests;
			sourceTree = "<group>";
		};
		B79D44E92BEF1F2C00F0AA8B /* DatingAppScreensUITests */ = {
			isa = PBXGroup;
			children = (
				B79D44EA2BEF1F2C00F0AA8B /* DatingAppScreensUITests.swift */,
				B79D44EC2BEF1F2C00F0AA8B /* DatingAppScreensUITestsLaunchTests.swift */,
			);
			path = DatingAppScreensUITests;
			sourceTree = "<group>";
		};
		B88FA1018DFEE776CF1EF96E /* Pods */ = {
			isa = PBXGroup;
			children = (
				6C44028247DE3F265FC19372 /* Pods-DatingAppScreens.debug.xcconfig */,
				0704D2C6FBFB4E99120A74DB /* Pods-DatingAppScreens.release.xcconfig */,
				7ECCFAEC1255AB8C35C488A0 /* Pods-DatingAppScreens-DatingAppScreensUITests.debug.xcconfig */,
				0EDCCE34BD6CF6A2D4324C88 /* Pods-DatingAppScreens-DatingAppScreensUITests.release.xcconfig */,
				B32D99110D926EDF7555D8EA /* Pods-DatingAppScreensTests.debug.xcconfig */,
				ECB4CB945EA494BDC5A4916E /* Pods-DatingAppScreensTests.release.xcconfig */,
			);
			path = Pods;
			sourceTree = "<group>";
		};
/* End PBXGroup section */

/* Begin PBXNativeTarget section */
		B79D44CB2BEF1F2B00F0AA8B /* DatingAppScreens */ = {
			isa = PBXNativeTarget;
			buildConfigurationList = B79D44F02BEF1F2C00F0AA8B /* Build configuration list for PBXNativeTarget "DatingAppScreens" */;
			buildPhases = (
				6D292A4195D3FAEA2D276915 /* [CP] Check Pods Manifest.lock */,
				B79D44C82BEF1F2B00F0AA8B /* Sources */,
				B79D44C92BEF1F2B00F0AA8B /* Frameworks */,
				B79D44CA2BEF1F2B00F0AA8B /* Resources */,
				BD8A67F9E4F5348C276D941A /* [CP] Embed Pods Frameworks */,
			);
			buildRules = (
			);
			dependencies = (
			);
			name = DatingAppScreens;
			productName = DatingAppScreens;
			productReference = B79D44CC2BEF1F2B00F0AA8B /* DatingAppScreens.app */;
			productType = "com.apple.product-type.application";
		};
		B79D44DB2BEF1F2C00F0AA8B /* DatingAppScreensTests */ = {
			isa = PBXNativeTarget;
			buildConfigurationList = B79D44F32BEF1F2C00F0AA8B /* Build configuration list for PBXNativeTarget "DatingAppScreensTests" */;
			buildPhases = (
				FABEA64CF198B8A23E02B878 /* [CP] Check Pods Manifest.lock */,
				B79D44D82BEF1F2C00F0AA8B /* Sources */,
				B79D44D92BEF1F2C00F0AA8B /* Frameworks */,
				B79D44DA2BEF1F2C00F0AA8B /* Resources */,
			);
			buildRules = (
			);
			dependencies = (
				B79D44DE2BEF1F2C00F0AA8B /* PBXTargetDependency */,
			);
			name = DatingAppScreensTests;
			productName = DatingAppScreensTests;
			productReference = B79D44DC2BEF1F2C00F0AA8B /* DatingAppScreensTests.xctest */;
			productType = "com.apple.product-type.bundle.unit-test";
		};
		B79D44E52BEF1F2C00F0AA8B /* DatingAppScreensUITests */ = {
			isa = PBXNativeTarget;
			buildConfigurationList = B79D44F62BEF1F2C00F0AA8B /* Build configuration list for PBXNativeTarget "DatingAppScreensUITests" */;
			buildPhases = (
				2C21B5FA3FE3A93D781A0664 /* [CP] Check Pods Manifest.lock */,
				B79D44E22BEF1F2C00F0AA8B /* Sources */,
				B79D44E32BEF1F2C00F0AA8B /* Frameworks */,
				B79D44E42BEF1F2C00F0AA8B /* Resources */,
				362A4EBBF43AE6D39AEA9B0C /* [CP] Embed Pods Frameworks */,
			);
			buildRules = (
			);
			dependencies = (
				B79D44E82BEF1F2C00F0AA8B /* PBXTargetDependency */,
			);
			name = DatingAppScreensUITests;
			productName = DatingAppScreensUITests;
			productReference = B79D44E62BEF1F2C00F0AA8B /* DatingAppScreensUITests.xctest */;
			productType = "com.apple.product-type.bundle.ui-testing";
		};
/* End PBXNativeTarget section */

/* Begin PBXProject section */
		B79D44C42BEF1F2B00F0AA8B /* Project object */ = {
			isa = PBXProject;
			attributes = {
				BuildIndependentTargetsInParallel = 1;
				LastSwiftUpdateCheck = 1530;
				LastUpgradeCheck = 1530;
				TargetAttributes = {
					B79D44CB2BEF1F2B00F0AA8B = {
						CreatedOnToolsVersion = 15.3;
					};
					B79D44DB2BEF1F2C00F0AA8B = {
						CreatedOnToolsVersion = 15.3;
						TestTargetID = B79D44CB2BEF1F2B00F0AA8B;
					};
					B79D44E52BEF1F2C00F0AA8B = {
						CreatedOnToolsVersion = 15.3;
						TestTargetID = B79D44CB2BEF1F2B00F0AA8B;
					};
				};
			};
			buildConfigurationList = B79D44C72BEF1F2B00F0AA8B /* Build configuration list for PBXProject "DatingAppScreens" */;
			compatibilityVersion = "Xcode 14.0";
			developmentRegion = en;
			hasScannedForEncodings = 0;
			knownRegions = (
				en,
				Base,
			);
			mainGroup = B79D44C32BEF1F2B00F0AA8B;
			packageReferences = (
				B7957DA72BF771F600D7E26A /* XCRemoteSwiftPackageReference "GoogleSignIn-iOS" */,
			);
			productRefGroup = B79D44CD2BEF1F2B00F0AA8B /* Products */;
			projectDirPath = "";
			projectRoot = "";
			targets = (
				B79D44CB2BEF1F2B00F0AA8B /* DatingAppScreens */,
				B79D44DB2BEF1F2C00F0AA8B /* DatingAppScreensTests */,
				B79D44E52BEF1F2C00F0AA8B /* DatingAppScreensUITests */,
			);
		};
/* End PBXProject section */

/* Begin PBXResourcesBuildPhase section */
		B79D44CA2BEF1F2B00F0AA8B /* Resources */ = {
			isa = PBXResourcesBuildPhase;
			buildActionMask = 2147483647;
			files = (
				B79D44D72BEF1F2C00F0AA8B /* Preview Assets.xcassets in Resources */,
				B79D44D42BEF1F2C00F0AA8B /* Assets.xcassets in Resources */,
			);
			runOnlyForDeploymentPostprocessing = 0;
		};
		B79D44DA2BEF1F2C00F0AA8B /* Resources */ = {
			isa = PBXResourcesBuildPhase;
			buildActionMask = 2147483647;
			files = (
			);
			runOnlyForDeploymentPostprocessing = 0;
		};
		B79D44E42BEF1F2C00F0AA8B /* Resources */ = {
			isa = PBXResourcesBuildPhase;
			buildActionMask = 2147483647;
			files = (
			);
			runOnlyForDeploymentPostprocessing = 0;
		};
/* End PBXResourcesBuildPhase section */

/* Begin PBXShellScriptBuildPhase section */
		2C21B5FA3FE3A93D781A0664 /* [CP] Check Pods Manifest.lock */ = {
			isa = PBXShellScriptBuildPhase;
			buildActionMask = 2147483647;
			files = (
			);
			inputFileListPaths = (
			);
			inputPaths = (
				"${PODS_PODFILE_DIR_PATH}/Podfile.lock",
				"${PODS_ROOT}/Manifest.lock",
			);
			name = "[CP] Check Pods Manifest.lock";
			outputFileListPaths = (
			);
			outputPaths = (
				"$(DERIVED_FILE_DIR)/Pods-DatingAppScreens-DatingAppScreensUITests-checkManifestLockResult.txt",
			);
			runOnlyForDeploymentPostprocessing = 0;
			shellPath = /bin/sh;
			shellScript = "diff \"${PODS_PODFILE_DIR_PATH}/Podfile.lock\" \"${PODS_ROOT}/Manifest.lock\" > /dev/null\nif [ $? != 0 ] ; then\n    # print error to STDERR\n    echo \"error: The sandbox is not in sync with the Podfile.lock. Run 'pod install' or update your CocoaPods installation.\" >&2\n    exit 1\nfi\n# This output is used by Xcode 'outputs' to avoid re-running this script phase.\necho \"SUCCESS\" > \"${SCRIPT_OUTPUT_FILE_0}\"\n";
			showEnvVarsInLog = 0;
		};
		362A4EBBF43AE6D39AEA9B0C /* [CP] Embed Pods Frameworks */ = {
			isa = PBXShellScriptBuildPhase;
			buildActionMask = 2147483647;
			files = (
			);
			inputFileListPaths = (
				"${PODS_ROOT}/Target Support Files/Pods-DatingAppScreens-DatingAppScreensUITests/Pods-DatingAppScreens-DatingAppScreensUITests-frameworks-${CONFIGURATION}-input-files.xcfilelist",
			);
			name = "[CP] Embed Pods Frameworks";
			outputFileListPaths = (
				"${PODS_ROOT}/Target Support Files/Pods-DatingAppScreens-DatingAppScreensUITests/Pods-DatingAppScreens-DatingAppScreensUITests-frameworks-${CONFIGURATION}-output-files.xcfilelist",
			);
			runOnlyForDeploymentPostprocessing = 0;
			shellPath = /bin/sh;
			shellScript = "\"${PODS_ROOT}/Target Support Files/Pods-DatingAppScreens-DatingAppScreensUITests/Pods-DatingAppScreens-DatingAppScreensUITests-frameworks.sh\"\n";
			showEnvVarsInLog = 0;
		};
		6D292A4195D3FAEA2D276915 /* [CP] Check Pods Manifest.lock */ = {
			isa = PBXShellScriptBuildPhase;
			buildActionMask = 2147483647;
			files = (
			);
			inputFileListPaths = (
			);
			inputPaths = (
				"${PODS_PODFILE_DIR_PATH}/Podfile.lock",
				"${PODS_ROOT}/Manifest.lock",
			);
			name = "[CP] Check Pods Manifest.lock";
			outputFileListPaths = (
			);
			outputPaths = (
				"$(DERIVED_FILE_DIR)/Pods-DatingAppScreens-checkManifestLockResult.txt",
			);
			runOnlyForDeploymentPostprocessing = 0;
			shellPath = /bin/sh;
			shellScript = "diff \"${PODS_PODFILE_DIR_PATH}/Podfile.lock\" \"${PODS_ROOT}/Manifest.lock\" > /dev/null\nif [ $? != 0 ] ; then\n    # print error to STDERR\n    echo \"error: The sandbox is not in sync with the Podfile.lock. Run 'pod install' or update your CocoaPods installation.\" >&2\n    exit 1\nfi\n# This output is used by Xcode 'outputs' to avoid re-running this script phase.\necho \"SUCCESS\" > \"${SCRIPT_OUTPUT_FILE_0}\"\n";
			showEnvVarsInLog = 0;
		};
		BD8A67F9E4F5348C276D941A /* [CP] Embed Pods Frameworks */ = {
			isa = PBXShellScriptBuildPhase;
			buildActionMask = 2147483647;
			files = (
			);
			inputFileListPaths = (
				"${PODS_ROOT}/Target Support Files/Pods-DatingAppScreens/Pods-DatingAppScreens-frameworks-${CONFIGURATION}-input-files.xcfilelist",
			);
			name = "[CP] Embed Pods Frameworks";
			outputFileListPaths = (
				"${PODS_ROOT}/Target Support Files/Pods-DatingAppScreens/Pods-DatingAppScreens-frameworks-${CONFIGURATION}-output-files.xcfilelist",
			);
			runOnlyForDeploymentPostprocessing = 0;
			shellPath = /bin/sh;
			shellScript = "\"${PODS_ROOT}/Target Support Files/Pods-DatingAppScreens/Pods-DatingAppScreens-frameworks.sh\"\n";
			showEnvVarsInLog = 0;
		};
		FABEA64CF198B8A23E02B878 /* [CP] Check Pods Manifest.lock */ = {
			isa = PBXShellScriptBuildPhase;
			buildActionMask = 2147483647;
			files = (
			);
			inputFileListPaths = (
			);
			inputPaths = (
				"${PODS_PODFILE_DIR_PATH}/Podfile.lock",
				"${PODS_ROOT}/Manifest.lock",
			);
			name = "[CP] Check Pods Manifest.lock";
			outputFileListPaths = (
			);
			outputPaths = (
				"$(DERIVED_FILE_DIR)/Pods-DatingAppScreensTests-checkManifestLockResult.txt",
			);
			runOnlyForDeploymentPostprocessing = 0;
			shellPath = /bin/sh;
			shellScript = "diff \"${PODS_PODFILE_DIR_PATH}/Podfile.lock\" \"${PODS_ROOT}/Manifest.lock\" > /dev/null\nif [ $? != 0 ] ; then\n    # print error to STDERR\n    echo \"error: The sandbox is not in sync with the Podfile.lock. Run 'pod install' or update your CocoaPods installation.\" >&2\n    exit 1\nfi\n# This output is used by Xcode 'outputs' to avoid re-running this script phase.\necho \"SUCCESS\" > \"${SCRIPT_OUTPUT_FILE_0}\"\n";
			showEnvVarsInLog = 0;
		};
/* End PBXShellScriptBuildPhase section */

/* Begin PBXSourcesBuildPhase section */
		B79D44C82BEF1F2B00F0AA8B /* Sources */ = {
			isa = PBXSourcesBuildPhase;
			buildActionMask = 2147483647;
			files = (
				B77A36F42BF863D00051ACF1 /* RegisterView.swift in Sources */,
				B79D44D22BEF1F2B00F0AA8B /* ContentView.swift in Sources */,
				B793200D2BF4975300FE954A /* LoginView.swift in Sources */,
				B7EC28582BF8B5AC004CC808 /* SkeletonLoadingExample.swift in Sources */,
				B79D44D02BEF1F2B00F0AA8B /* DatingAppScreensApp.swift in Sources */,
				B793200F2BF49AEF00FE954A /* SignUpData.swift in Sources */,
				B750C9EE2BEF4C9300B278B7 /* MachesScreen.swift in Sources */,
				B76039252BF0F8A90088DFB7 /* HomeView.swift in Sources */,
				B750C9EC2BEF401200B278B7 /* MatchesNewDevs.swift in Sources */,
				B73A22732BF09DB300D5B3B2 /* ForYouMatches.swift in Sources */,
			);
			runOnlyForDeploymentPostprocessing = 0;
		};
		B79D44D82BEF1F2C00F0AA8B /* Sources */ = {
			isa = PBXSourcesBuildPhase;
			buildActionMask = 2147483647;
			files = (
				B79D44E12BEF1F2C00F0AA8B /* DatingAppScreensTests.swift in Sources */,
			);
			runOnlyForDeploymentPostprocessing = 0;
		};
		B79D44E22BEF1F2C00F0AA8B /* Sources */ = {
			isa = PBXSourcesBuildPhase;
			buildActionMask = 2147483647;
			files = (
				B79D44EB2BEF1F2C00F0AA8B /* DatingAppScreensUITests.swift in Sources */,
				B79D44ED2BEF1F2C00F0AA8B /* DatingAppScreensUITestsLaunchTests.swift in Sources */,
			);
			runOnlyForDeploymentPostprocessing = 0;
		};
/* End PBXSourcesBuildPhase section */

/* Begin PBXTargetDependency section */
		B79D44DE2BEF1F2C00F0AA8B /* PBXTargetDependency */ = {
			isa = PBXTargetDependency;
			target = B79D44CB2BEF1F2B00F0AA8B /* DatingAppScreens */;
			targetProxy = B79D44DD2BEF1F2C00F0AA8B /* PBXContainerItemProxy */;
		};
		B79D44E82BEF1F2C00F0AA8B /* PBXTargetDependency */ = {
			isa = PBXTargetDependency;
			target = B79D44CB2BEF1F2B00F0AA8B /* DatingAppScreens */;
			targetProxy = B79D44E72BEF1F2C00F0AA8B /* PBXContainerItemProxy */;
		};
/* End PBXTargetDependency section */

/* Begin XCBuildConfiguration section */
		B79D44EE2BEF1F2C00F0AA8B /* Debug */ = {
			isa = XCBuildConfiguration;
			buildSettings = {
				ALWAYS_SEARCH_USER_PATHS = NO;
				ASSETCATALOG_COMPILER_GENERATE_SWIFT_ASSET_SYMBOL_EXTENSIONS = YES;
				CLANG_ANALYZER_NONNULL = YES;
				CLANG_ANALYZER_NUMBER_OBJECT_CONVERSION = YES_AGGRESSIVE;
				CLANG_CXX_LANGUAGE_STANDARD = "gnu++20";
				CLANG_ENABLE_MODULES = YES;
				CLANG_ENABLE_OBJC_ARC = YES;
				CLANG_ENABLE_OBJC_WEAK = YES;
				CLANG_WARN_BLOCK_CAPTURE_AUTORELEASING = YES;
				CLANG_WARN_BOOL_CONVERSION = YES;
				CLANG_WARN_COMMA = YES;
				CLANG_WARN_CONSTANT_CONVERSION = YES;
				CLANG_WARN_DEPRECATED_OBJC_IMPLEMENTATIONS = YES;
				CLANG_WARN_DIRECT_OBJC_ISA_USAGE = YES_ERROR;
				CLANG_WARN_DOCUMENTATION_COMMENTS = YES;
				CLANG_WARN_EMPTY_BODY = YES;
				CLANG_WARN_ENUM_CONVERSION = YES;
				CLANG_WARN_INFINITE_RECURSION = YES;
				CLANG_WARN_INT_CONVERSION = YES;
				CLANG_WARN_NON_LITERAL_NULL_CONVERSION = YES;
				CLANG_WARN_OBJC_IMPLICIT_RETAIN_SELF = YES;
				CLANG_WARN_OBJC_LITERAL_CONVERSION = YES;
				CLANG_WARN_OBJC_ROOT_CLASS = YES_ERROR;
				CLANG_WARN_QUOTED_INCLUDE_IN_FRAMEWORK_HEADER = YES;
				CLANG_WARN_RANGE_LOOP_ANALYSIS = YES;
				CLANG_WARN_STRICT_PROTOTYPES = YES;
				CLANG_WARN_SUSPICIOUS_MOVE = YES;
				CLANG_WARN_UNGUARDED_AVAILABILITY = YES_AGGRESSIVE;
				CLANG_WARN_UNREACHABLE_CODE = YES;
				CLANG_WARN__DUPLICATE_METHOD_MATCH = YES;
				COPY_PHASE_STRIP = NO;
				DEBUG_INFORMATION_FORMAT = dwarf;
				ENABLE_STRICT_OBJC_MSGSEND = YES;
				ENABLE_TESTABILITY = YES;
				ENABLE_USER_SCRIPT_SANDBOXING = NO;
				GCC_C_LANGUAGE_STANDARD = gnu17;
				GCC_DYNAMIC_NO_PIC = NO;
				GCC_NO_COMMON_BLOCKS = YES;
				GCC_OPTIMIZATION_LEVEL = 0;
				GCC_PREPROCESSOR_DEFINITIONS = (
					"DEBUG=1",
					"$(inherited)",
				);
				GCC_WARN_64_TO_32_BIT_CONVERSION = YES;
				GCC_WARN_ABOUT_RETURN_TYPE = YES_ERROR;
				GCC_WARN_UNDECLARED_SELECTOR = YES;
				GCC_WARN_UNINITIALIZED_AUTOS = YES_AGGRESSIVE;
				GCC_WARN_UNUSED_FUNCTION = YES;
				GCC_WARN_UNUSED_VARIABLE = YES;
				IPHONEOS_DEPLOYMENT_TARGET = 16.0;
				LOCALIZATION_PREFERS_STRING_CATALOGS = YES;
				MTL_ENABLE_DEBUG_INFO = INCLUDE_SOURCE;
				MTL_FAST_MATH = YES;
				ONLY_ACTIVE_ARCH = YES;
				SDKROOT = iphoneos;
				SWIFT_ACTIVE_COMPILATION_CONDITIONS = "DEBUG $(inherited)";
				SWIFT_OPTIMIZATION_LEVEL = "-Onone";
			};
			name = Debug;
		};
		B79D44EF2BEF1F2C00F0AA8B /* Release */ = {
			isa = XCBuildConfiguration;
			buildSettings = {
				ALWAYS_SEARCH_USER_PATHS = NO;
				ASSETCATALOG_COMPILER_GENERATE_SWIFT_ASSET_SYMBOL_EXTENSIONS = YES;
				CLANG_ANALYZER_NONNULL = YES;
				CLANG_ANALYZER_NUMBER_OBJECT_CONVERSION = YES_AGGRESSIVE;
				CLANG_CXX_LANGUAGE_STANDARD = "gnu++20";
				CLANG_ENABLE_MODULES = YES;
				CLANG_ENABLE_OBJC_ARC = YES;
				CLANG_ENABLE_OBJC_WEAK = YES;
				CLANG_WARN_BLOCK_CAPTURE_AUTORELEASING = YES;
				CLANG_WARN_BOOL_CONVERSION = YES;
				CLANG_WARN_COMMA = YES;
				CLANG_WARN_CONSTANT_CONVERSION = YES;
				CLANG_WARN_DEPRECATED_OBJC_IMPLEMENTATIONS = YES;
				CLANG_WARN_DIRECT_OBJC_ISA_USAGE = YES_ERROR;
				CLANG_WARN_DOCUMENTATION_COMMENTS = YES;
				CLANG_WARN_EMPTY_BODY = YES;
				CLANG_WARN_ENUM_CONVERSION = YES;
				CLANG_WARN_INFINITE_RECURSION = YES;
				CLANG_WARN_INT_CONVERSION = YES;
				CLANG_WARN_NON_LITERAL_NULL_CONVERSION = YES;
				CLANG_WARN_OBJC_IMPLICIT_RETAIN_SELF = YES;
				CLANG_WARN_OBJC_LITERAL_CONVERSION = YES;
				CLANG_WARN_OBJC_ROOT_CLASS = YES_ERROR;
				CLANG_WARN_QUOTED_INCLUDE_IN_FRAMEWORK_HEADER = YES;
				CLANG_WARN_RANGE_LOOP_ANALYSIS = YES;
				CLANG_WARN_STRICT_PROTOTYPES = YES;
				CLANG_WARN_SUSPICIOUS_MOVE = YES;
				CLANG_WARN_UNGUARDED_AVAILABILITY = YES_AGGRESSIVE;
				CLANG_WARN_UNREACHABLE_CODE = YES;
				CLANG_WARN__DUPLICATE_METHOD_MATCH = YES;
				COPY_PHASE_STRIP = NO;
				DEBUG_INFORMATION_FORMAT = "dwarf-with-dsym";
				ENABLE_NS_ASSERTIONS = NO;
				ENABLE_STRICT_OBJC_MSGSEND = YES;
				ENABLE_USER_SCRIPT_SANDBOXING = NO;
				GCC_C_LANGUAGE_STANDARD = gnu17;
				GCC_NO_COMMON_BLOCKS = YES;
				GCC_WARN_64_TO_32_BIT_CONVERSION = YES;
				GCC_WARN_ABOUT_RETURN_TYPE = YES_ERROR;
				GCC_WARN_UNDECLARED_SELECTOR = YES;
				GCC_WARN_UNINITIALIZED_AUTOS = YES_AGGRESSIVE;
				GCC_WARN_UNUSED_FUNCTION = YES;
				GCC_WARN_UNUSED_VARIABLE = YES;
				IPHONEOS_DEPLOYMENT_TARGET = 16.0;
				LOCALIZATION_PREFERS_STRING_CATALOGS = YES;
				MTL_ENABLE_DEBUG_INFO = NO;
				MTL_FAST_MATH = YES;
				SDKROOT = iphoneos;
				SWIFT_COMPILATION_MODE = wholemodule;
				VALIDATE_PRODUCT = YES;
			};
			name = Release;
		};
		B79D44F12BEF1F2C00F0AA8B /* Debug */ = {
			isa = XCBuildConfiguration;
			baseConfigurationReference = 6C44028247DE3F265FC19372 /* Pods-DatingAppScreens.debug.xcconfig */;
			buildSettings = {
				ASSETCATALOG_COMPILER_APPICON_NAME = AppIcon;
				ASSETCATALOG_COMPILER_GLOBAL_ACCENT_COLOR_NAME = AccentColor;
				CODE_SIGN_ENTITLEMENTS = DatingAppScreens/DatingAppScreens.entitlements;
				CODE_SIGN_STYLE = Automatic;
				CURRENT_PROJECT_VERSION = 1;
				DEVELOPMENT_ASSET_PATHS = "\"DatingAppScreens/Preview Content\"";
				DEVELOPMENT_TEAM = HMPQ2T7A72;
				ENABLE_PREVIEWS = YES;
				GENERATE_INFOPLIST_FILE = YES;
				INFOPLIST_FILE = DatingAppScreens/Info.plist;
				INFOPLIST_KEY_UIApplicationSceneManifest_Generation = YES;
				INFOPLIST_KEY_UIApplicationSupportsIndirectInputEvents = YES;
				INFOPLIST_KEY_UILaunchScreen_Generation = YES;
				INFOPLIST_KEY_UISupportedInterfaceOrientations_iPad = "UIInterfaceOrientationPortrait UIInterfaceOrientationPortraitUpsideDown UIInterfaceOrientationLandscapeLeft UIInterfaceOrientationLandscapeRight";
				INFOPLIST_KEY_UISupportedInterfaceOrientations_iPhone = "UIInterfaceOrientationPortrait UIInterfaceOrientationLandscapeLeft UIInterfaceOrientationLandscapeRight";
				IPHONEOS_DEPLOYMENT_TARGET = 16.0;
				LD_RUNPATH_SEARCH_PATHS = (
					"$(inherited)",
					"@executable_path/Frameworks",
				);
				MARKETING_VERSION = 1.0;
				PRODUCT_BUNDLE_IDENTIFIER = com.dating.app.screens.DatingAppScreens;
				PRODUCT_NAME = "$(TARGET_NAME)";
				SWIFT_EMIT_LOC_STRINGS = YES;
				SWIFT_VERSION = 5.0;
				TARGETED_DEVICE_FAMILY = "1,2";
			};
			name = Debug;
		};
		B79D44F22BEF1F2C00F0AA8B /* Release */ = {
			isa = XCBuildConfiguration;
			baseConfigurationReference = 0704D2C6FBFB4E99120A74DB /* Pods-DatingAppScreens.release.xcconfig */;
			buildSettings = {
				ASSETCATALOG_COMPILER_APPICON_NAME = AppIcon;
				ASSETCATALOG_COMPILER_GLOBAL_ACCENT_COLOR_NAME = AccentColor;
				CODE_SIGN_ENTITLEMENTS = DatingAppScreens/DatingAppScreens.entitlements;
				CODE_SIGN_STYLE = Automatic;
				CURRENT_PROJECT_VERSION = 1;
				DEVELOPMENT_ASSET_PATHS = "\"DatingAppScreens/Preview Content\"";
				DEVELOPMENT_TEAM = HMPQ2T7A72;
				ENABLE_PREVIEWS = YES;
				GENERATE_INFOPLIST_FILE = YES;
				INFOPLIST_FILE = DatingAppScreens/Info.plist;
				INFOPLIST_KEY_UIApplicationSceneManifest_Generation = YES;
				INFOPLIST_KEY_UIApplicationSupportsIndirectInputEvents = YES;
				INFOPLIST_KEY_UILaunchScreen_Generation = YES;
				INFOPLIST_KEY_UISupportedInterfaceOrientations_iPad = "UIInterfaceOrientationPortrait UIInterfaceOrientationPortraitUpsideDown UIInterfaceOrientationLandscapeLeft UIInterfaceOrientationLandscapeRight";
				INFOPLIST_KEY_UISupportedInterfaceOrientations_iPhone = "UIInterfaceOrientationPortrait UIInterfaceOrientationLandscapeLeft UIInterfaceOrientationLandscapeRight";
				IPHONEOS_DEPLOYMENT_TARGET = 16.0;
				LD_RUNPATH_SEARCH_PATHS = (
					"$(inherited)",
					"@executable_path/Frameworks",
				);
				MARKETING_VERSION = 1.0;
				PRODUCT_BUNDLE_IDENTIFIER = com.dating.app.screens.DatingAppScreens;
				PRODUCT_NAME = "$(TARGET_NAME)";
				SWIFT_EMIT_LOC_STRINGS = YES;
				SWIFT_VERSION = 5.0;
				TARGETED_DEVICE_FAMILY = "1,2";
			};
			name = Release;
		};
		B79D44F42BEF1F2C00F0AA8B /* Debug */ = {
			isa = XCBuildConfiguration;
			baseConfigurationReference = B32D99110D926EDF7555D8EA /* Pods-DatingAppScreensTests.debug.xcconfig */;
			buildSettings = {
				ALWAYS_EMBED_SWIFT_STANDARD_LIBRARIES = YES;
				BUNDLE_LOADER = "$(TEST_HOST)";
				CODE_SIGN_STYLE = Automatic;
				CURRENT_PROJECT_VERSION = 1;
				DEVELOPMENT_TEAM = HMPQ2T7A72;
				GENERATE_INFOPLIST_FILE = YES;
				IPHONEOS_DEPLOYMENT_TARGET = 17.4;
				MARKETING_VERSION = 1.0;
				PRODUCT_BUNDLE_IDENTIFIER = com.dating.app.screens.DatingAppScreensTests;
				PRODUCT_NAME = "$(TARGET_NAME)";
				SWIFT_EMIT_LOC_STRINGS = NO;
				SWIFT_VERSION = 5.0;
				TARGETED_DEVICE_FAMILY = "1,2";
				TEST_HOST = "$(BUILT_PRODUCTS_DIR)/DatingAppScreens.app/$(BUNDLE_EXECUTABLE_FOLDER_PATH)/DatingAppScreens";
			};
			name = Debug;
		};
		B79D44F52BEF1F2C00F0AA8B /* Release */ = {
			isa = XCBuildConfiguration;
			baseConfigurationReference = ECB4CB945EA494BDC5A4916E /* Pods-DatingAppScreensTests.release.xcconfig */;
			buildSettings = {
				ALWAYS_EMBED_SWIFT_STANDARD_LIBRARIES = YES;
				BUNDLE_LOADER = "$(TEST_HOST)";
				CODE_SIGN_STYLE = Automatic;
				CURRENT_PROJECT_VERSION = 1;
				DEVELOPMENT_TEAM = HMPQ2T7A72;
				GENERATE_INFOPLIST_FILE = YES;
				IPHONEOS_DEPLOYMENT_TARGET = 17.4;
				MARKETING_VERSION = 1.0;
				PRODUCT_BUNDLE_IDENTIFIER = com.dating.app.screens.DatingAppScreensTests;
				PRODUCT_NAME = "$(TARGET_NAME)";
				SWIFT_EMIT_LOC_STRINGS = NO;
				SWIFT_VERSION = 5.0;
				TARGETED_DEVICE_FAMILY = "1,2";
				TEST_HOST = "$(BUILT_PRODUCTS_DIR)/DatingAppScreens.app/$(BUNDLE_EXECUTABLE_FOLDER_PATH)/DatingAppScreens";
			};
			name = Release;
		};
		B79D44F72BEF1F2C00F0AA8B /* Debug */ = {
			isa = XCBuildConfiguration;
			baseConfigurationReference = 7ECCFAEC1255AB8C35C488A0 /* Pods-DatingAppScreens-DatingAppScreensUITests.debug.xcconfig */;
			buildSettings = {
				ALWAYS_EMBED_SWIFT_STANDARD_LIBRARIES = YES;
				CODE_SIGN_STYLE = Automatic;
				CURRENT_PROJECT_VERSION = 1;
				DEVELOPMENT_TEAM = HMPQ2T7A72;
				GENERATE_INFOPLIST_FILE = YES;
				MARKETING_VERSION = 1.0;
				PRODUCT_BUNDLE_IDENTIFIER = com.dating.app.screens.DatingAppScreensUITests;
				PRODUCT_NAME = "$(TARGET_NAME)";
				SWIFT_EMIT_LOC_STRINGS = NO;
				SWIFT_VERSION = 5.0;
				TARGETED_DEVICE_FAMILY = "1,2";
				TEST_TARGET_NAME = DatingAppScreens;
			};
			name = Debug;
		};
		B79D44F82BEF1F2C00F0AA8B /* Release */ = {
			isa = XCBuildConfiguration;
			baseConfigurationReference = 0EDCCE34BD6CF6A2D4324C88 /* Pods-DatingAppScreens-DatingAppScreensUITests.release.xcconfig */;
			buildSettings = {
				ALWAYS_EMBED_SWIFT_STANDARD_LIBRARIES = YES;
				CODE_SIGN_STYLE = Automatic;
				CURRENT_PROJECT_VERSION = 1;
				DEVELOPMENT_TEAM = HMPQ2T7A72;
				GENERATE_INFOPLIST_FILE = YES;
				MARKETING_VERSION = 1.0;
				PRODUCT_BUNDLE_IDENTIFIER = com.dating.app.screens.DatingAppScreensUITests;
				PRODUCT_NAME = "$(TARGET_NAME)";
				SWIFT_EMIT_LOC_STRINGS = NO;
				SWIFT_VERSION = 5.0;
				TARGETED_DEVICE_FAMILY = "1,2";
				TEST_TARGET_NAME = DatingAppScreens;
			};
			name = Release;
		};
/* End XCBuildConfiguration section */

/* Begin XCConfigurationList section */
		B79D44C72BEF1F2B00F0AA8B /* Build configuration list for PBXProject "DatingAppScreens" */ = {
			isa = XCConfigurationList;
			buildConfigurations = (
				B79D44EE2BEF1F2C00F0AA8B /* Debug */,
				B79D44EF2BEF1F2C00F0AA8B /* Release */,
			);
			defaultConfigurationIsVisible = 0;
			defaultConfigurationName = Release;
		};
		B79D44F02BEF1F2C00F0AA8B /* Build configuration list for PBXNativeTarget "DatingAppScreens" */ = {
			isa = XCConfigurationList;
			buildConfigurations = (
				B79D44F12BEF1F2C00F0AA8B /* Debug */,
				B79D44F22BEF1F2C00F0AA8B /* Release */,
			);
			defaultConfigurationIsVisible = 0;
			defaultConfigurationName = Release;
		};
		B79D44F32BEF1F2C00F0AA8B /* Build configuration list for PBXNativeTarget "DatingAppScreensTests" */ = {
			isa = XCConfigurationList;
			buildConfigurations = (
				B79D44F42BEF1F2C00F0AA8B /* Debug */,
				B79D44F52BEF1F2C00F0AA8B /* Release */,
			);
			defaultConfigurationIsVisible = 0;
			defaultConfigurationName = Release;
		};
		B79D44F62BEF1F2C00F0AA8B /* Build configuration list for PBXNativeTarget "DatingAppScreensUITests" */ = {
			isa = XCConfigurationList;
			buildConfigurations = (
				B79D44F72BEF1F2C00F0AA8B /* Debug */,
				B79D44F82BEF1F2C00F0AA8B /* Release */,
			);
			defaultConfigurationIsVisible = 0;
			defaultConfigurationName = Release;
		};
/* End XCConfigurationList section */

/* Begin XCRemoteSwiftPackageReference section */
		B7957DA72BF771F600D7E26A /* XCRemoteSwiftPackageReference "GoogleSignIn-iOS" */ = {
			isa = XCRemoteSwiftPackageReference;
			repositoryURL = "https://github.com/google/GoogleSignIn-iOS";
			requirement = {
				kind = upToNextMajorVersion;
				minimumVersion = 7.1.0;
			};
		};
/* End XCRemoteSwiftPackageReference section */
	};
	rootObject = B79D44C42BEF1F2B00F0AA8B /* Project object */;
}
