// !$*UTF8*$!
{
	archiveVersion = 1;
	classes = {
	};
	objectVersion = 56;
	objects = {

/* Begin PBXBuildFile section */
		B76D364D2BEF069A00260D63 /* MenuApp.swift in Sources */ = {isa = PBXBuildFile; fileRef = B76D364C2BEF069A00260D63 /* MenuApp.swift */; };
		B76D364F2BEF069A00260D63 /* ContentView.swift in Sources */ = {isa = PBXBuildFile; fileRef = B76D364E2BEF069A00260D63 /* ContentView.swift */; };
		B76D36512BEF069B00260D63 /* Assets.xcassets in Resources */ = {isa = PBXBuildFile; fileRef = B76D36502BEF069B00260D63 /* Assets.xcassets */; };
		B76D36542BEF069B00260D63 /* Preview Assets.xcassets in Resources */ = {isa = PBXBuildFile; fileRef = B76D36532BEF069B00260D63 /* Preview Assets.xcassets */; };
		B76D365E2BEF069B00260D63 /* MenuTests.swift in Sources */ = {isa = PBXBuildFile; fileRef = B76D365D2BEF069B00260D63 /* MenuTests.swift */; };
		B76D36682BEF069B00260D63 /* MenuUITests.swift in Sources */ = {isa = PBXBuildFile; fileRef = B76D36672BEF069B00260D63 /* MenuUITests.swift */; };
		B76D366A2BEF069B00260D63 /* MenuUITestsLaunchTests.swift in Sources */ = {isa = PBXBuildFile; fileRef = B76D36692BEF069B00260D63 /* MenuUITestsLaunchTests.swift */; };
/* End PBXBuildFile section */

/* Begin PBXContainerItemProxy section */
		B76D365A2BEF069B00260D63 /* PBXContainerItemProxy */ = {
			isa = PBXContainerItemProxy;
			containerPortal = B76D36412BEF069A00260D63 /* Project object */;
			proxyType = 1;
			remoteGlobalIDString = B76D36482BEF069A00260D63;
			remoteInfo = Menu;
		};
		B76D36642BEF069B00260D63 /* PBXContainerItemProxy */ = {
			isa = PBXContainerItemProxy;
			containerPortal = B76D36412BEF069A00260D63 /* Project object */;
			proxyType = 1;
			remoteGlobalIDString = B76D36482BEF069A00260D63;
			remoteInfo = Menu;
		};
/* End PBXContainerItemProxy section */

/* Begin PBXFileReference section */
		B76D36492BEF069A00260D63 /* Menu.app */ = {isa = PBXFileReference; explicitFileType = wrapper.application; includeInIndex = 0; path = Menu.app; sourceTree = BUILT_PRODUCTS_DIR; };
		B76D364C2BEF069A00260D63 /* MenuApp.swift */ = {isa = PBXFileReference; lastKnownFileType = sourcecode.swift; path = MenuApp.swift; sourceTree = "<group>"; };
		B76D364E2BEF069A00260D63 /* ContentView.swift */ = {isa = PBXFileReference; lastKnownFileType = sourcecode.swift; path = ContentView.swift; sourceTree = "<group>"; };
		B76D36502BEF069B00260D63 /* Assets.xcassets */ = {isa = PBXFileReference; lastKnownFileType = folder.assetcatalog; path = Assets.xcassets; sourceTree = "<group>"; };
		B76D36532BEF069B00260D63 /* Preview Assets.xcassets */ = {isa = PBXFileReference; lastKnownFileType = folder.assetcatalog; path = "Preview Assets.xcassets"; sourceTree = "<group>"; };
		B76D36592BEF069B00260D63 /* MenuTests.xctest */ = {isa = PBXFileReference; explicitFileType = wrapper.cfbundle; includeInIndex = 0; path = MenuTests.xctest; sourceTree = BUILT_PRODUCTS_DIR; };
		B76D365D2BEF069B00260D63 /* MenuTests.swift */ = {isa = PBXFileReference; lastKnownFileType = sourcecode.swift; path = MenuTests.swift; sourceTree = "<group>"; };
		B76D36632BEF069B00260D63 /* MenuUITests.xctest */ = {isa = PBXFileReference; explicitFileType = wrapper.cfbundle; includeInIndex = 0; path = MenuUITests.xctest; sourceTree = BUILT_PRODUCTS_DIR; };
		B76D36672BEF069B00260D63 /* MenuUITests.swift */ = {isa = PBXFileReference; lastKnownFileType = sourcecode.swift; path = MenuUITests.swift; sourceTree = "<group>"; };
		B76D36692BEF069B00260D63 /* MenuUITestsLaunchTests.swift */ = {isa = PBXFileReference; lastKnownFileType = sourcecode.swift; path = MenuUITestsLaunchTests.swift; sourceTree = "<group>"; };
/* End PBXFileReference section */

/* Begin PBXFrameworksBuildPhase section */
		B76D36462BEF069A00260D63 /* Frameworks */ = {
			isa = PBXFrameworksBuildPhase;
			buildActionMask = 2147483647;
			files = (
			);
			runOnlyForDeploymentPostprocessing = 0;
		};
		B76D36562BEF069B00260D63 /* Frameworks */ = {
			isa = PBXFrameworksBuildPhase;
			buildActionMask = 2147483647;
			files = (
			);
			runOnlyForDeploymentPostprocessing = 0;
		};
		B76D36602BEF069B00260D63 /* Frameworks */ = {
			isa = PBXFrameworksBuildPhase;
			buildActionMask = 2147483647;
			files = (
			);
			runOnlyForDeploymentPostprocessing = 0;
		};
/* End PBXFrameworksBuildPhase section */

/* Begin PBXGroup section */
		B76D36402BEF069A00260D63 = {
			isa = PBXGroup;
			children = (
				B76D364B2BEF069A00260D63 /* Menu */,
				B76D365C2BEF069B00260D63 /* MenuTests */,
				B76D36662BEF069B00260D63 /* MenuUITests */,
				B76D364A2BEF069A00260D63 /* Products */,
			);
			sourceTree = "<group>";
		};
		B76D364A2BEF069A00260D63 /* Products */ = {
			isa = PBXGroup;
			children = (
				B76D36492BEF069A00260D63 /* Menu.app */,
				B76D36592BEF069B00260D63 /* MenuTests.xctest */,
				B76D36632BEF069B00260D63 /* MenuUITests.xctest */,
			);
			name = Products;
			sourceTree = "<group>";
		};
		B76D364B2BEF069A00260D63 /* Menu */ = {
			isa = PBXGroup;
			children = (
				B76D364C2BEF069A00260D63 /* MenuApp.swift */,
				B76D364E2BEF069A00260D63 /* ContentView.swift */,
				B76D36502BEF069B00260D63 /* Assets.xcassets */,
				B76D36522BEF069B00260D63 /* Preview Content */,
			);
			path = Menu;
			sourceTree = "<group>";
		};
		B76D36522BEF069B00260D63 /* Preview Content */ = {
			isa = PBXGroup;
			children = (
				B76D36532BEF069B00260D63 /* Preview Assets.xcassets */,
			);
			path = "Preview Content";
			sourceTree = "<group>";
		};
		B76D365C2BEF069B00260D63 /* MenuTests */ = {
			isa = PBXGroup;
			children = (
				B76D365D2BEF069B00260D63 /* MenuTests.swift */,
			);
			path = MenuTests;
			sourceTree = "<group>";
		};
		B76D36662BEF069B00260D63 /* MenuUITests */ = {
			isa = PBXGroup;
			children = (
				B76D36672BEF069B00260D63 /* MenuUITests.swift */,
				B76D36692BEF069B00260D63 /* MenuUITestsLaunchTests.swift */,
			);
			path = MenuUITests;
			sourceTree = "<group>";
		};
/* End PBXGroup section */

/* Begin PBXNativeTarget section */
		B76D36482BEF069A00260D63 /* Menu */ = {
			isa = PBXNativeTarget;
			buildConfigurationList = B76D366D2BEF069B00260D63 /* Build configuration list for PBXNativeTarget "Menu" */;
			buildPhases = (
				B76D36452BEF069A00260D63 /* Sources */,
				B76D36462BEF069A00260D63 /* Frameworks */,
				B76D36472BEF069A00260D63 /* Resources */,
			);
			buildRules = (
			);
			dependencies = (
			);
			name = Menu;
			productName = Menu;
			productReference = B76D36492BEF069A00260D63 /* Menu.app */;
			productType = "com.apple.product-type.application";
		};
		B76D36582BEF069B00260D63 /* MenuTests */ = {
			isa = PBXNativeTarget;
			buildConfigurationList = B76D36702BEF069B00260D63 /* Build configuration list for PBXNativeTarget "MenuTests" */;
			buildPhases = (
				B76D36552BEF069B00260D63 /* Sources */,
				B76D36562BEF069B00260D63 /* Frameworks */,
				B76D36572BEF069B00260D63 /* Resources */,
			);
			buildRules = (
			);
			dependencies = (
				B76D365B2BEF069B00260D63 /* PBXTargetDependency */,
			);
			name = MenuTests;
			productName = MenuTests;
			productReference = B76D36592BEF069B00260D63 /* MenuTests.xctest */;
			productType = "com.apple.product-type.bundle.unit-test";
		};
		B76D36622BEF069B00260D63 /* MenuUITests */ = {
			isa = PBXNativeTarget;
			buildConfigurationList = B76D36732BEF069B00260D63 /* Build configuration list for PBXNativeTarget "MenuUITests" */;
			buildPhases = (
				B76D365F2BEF069B00260D63 /* Sources */,
				B76D36602BEF069B00260D63 /* Frameworks */,
				B76D36612BEF069B00260D63 /* Resources */,
			);
			buildRules = (
			);
			dependencies = (
				B76D36652BEF069B00260D63 /* PBXTargetDependency */,
			);
			name = MenuUITests;
			productName = MenuUITests;
			productReference = B76D36632BEF069B00260D63 /* MenuUITests.xctest */;
			productType = "com.apple.product-type.bundle.ui-testing";
		};
/* End PBXNativeTarget section */

/* Begin PBXProject section */
		B76D36412BEF069A00260D63 /* Project object */ = {
			isa = PBXProject;
			attributes = {
				BuildIndependentTargetsInParallel = 1;
				LastSwiftUpdateCheck = 1530;
				LastUpgradeCheck = 1530;
				TargetAttributes = {
					B76D36482BEF069A00260D63 = {
						CreatedOnToolsVersion = 15.3;
					};
					B76D36582BEF069B00260D63 = {
						CreatedOnToolsVersion = 15.3;
						TestTargetID = B76D36482BEF069A00260D63;
					};
					B76D36622BEF069B00260D63 = {
						CreatedOnToolsVersion = 15.3;
						TestTargetID = B76D36482BEF069A00260D63;
					};
				};
			};
			buildConfigurationList = B76D36442BEF069A00260D63 /* Build configuration list for PBXProject "Menu" */;
			compatibilityVersion = "Xcode 14.0";
			developmentRegion = en;
			hasScannedForEncodings = 0;
			knownRegions = (
				en,
				Base,
			);
			mainGroup = B76D36402BEF069A00260D63;
			productRefGroup = B76D364A2BEF069A00260D63 /* Products */;
			projectDirPath = "";
			projectRoot = "";
			targets = (
				B76D36482BEF069A00260D63 /* Menu */,
				B76D36582BEF069B00260D63 /* MenuTests */,
				B76D36622BEF069B00260D63 /* MenuUITests */,
			);
		};
/* End PBXProject section */

/* Begin PBXResourcesBuildPhase section */
		B76D36472BEF069A00260D63 /* Resources */ = {
			isa = PBXResourcesBuildPhase;
			buildActionMask = 2147483647;
			files = (
				B76D36542BEF069B00260D63 /* Preview Assets.xcassets in Resources */,
				B76D36512BEF069B00260D63 /* Assets.xcassets in Resources */,
			);
			runOnlyForDeploymentPostprocessing = 0;
		};
		B76D36572BEF069B00260D63 /* Resources */ = {
			isa = PBXResourcesBuildPhase;
			buildActionMask = 2147483647;
			files = (
			);
			runOnlyForDeploymentPostprocessing = 0;
		};
		B76D36612BEF069B00260D63 /* Resources */ = {
			isa = PBXResourcesBuildPhase;
			buildActionMask = 2147483647;
			files = (
			);
			runOnlyForDeploymentPostprocessing = 0;
		};
/* End PBXResourcesBuildPhase section */

/* Begin PBXSourcesBuildPhase section */
		B76D36452BEF069A00260D63 /* Sources */ = {
			isa = PBXSourcesBuildPhase;
			buildActionMask = 2147483647;
			files = (
				B76D364F2BEF069A00260D63 /* ContentView.swift in Sources */,
				B76D364D2BEF069A00260D63 /* MenuApp.swift in Sources */,
			);
			runOnlyForDeploymentPostprocessing = 0;
		};
		B76D36552BEF069B00260D63 /* Sources */ = {
			isa = PBXSourcesBuildPhase;
			buildActionMask = 2147483647;
			files = (
				B76D365E2BEF069B00260D63 /* MenuTests.swift in Sources */,
			);
			runOnlyForDeploymentPostprocessing = 0;
		};
		B76D365F2BEF069B00260D63 /* Sources */ = {
			isa = PBXSourcesBuildPhase;
			buildActionMask = 2147483647;
			files = (
				B76D36682BEF069B00260D63 /* MenuUITests.swift in Sources */,
				B76D366A2BEF069B00260D63 /* MenuUITestsLaunchTests.swift in Sources */,
			);
			runOnlyForDeploymentPostprocessing = 0;
		};
/* End PBXSourcesBuildPhase section */

/* Begin PBXTargetDependency section */
		B76D365B2BEF069B00260D63 /* PBXTargetDependency */ = {
			isa = PBXTargetDependency;
			target = B76D36482BEF069A00260D63 /* Menu */;
			targetProxy = B76D365A2BEF069B00260D63 /* PBXContainerItemProxy */;
		};
		B76D36652BEF069B00260D63 /* PBXTargetDependency */ = {
			isa = PBXTargetDependency;
			target = B76D36482BEF069A00260D63 /* Menu */;
			targetProxy = B76D36642BEF069B00260D63 /* PBXContainerItemProxy */;
		};
/* End PBXTargetDependency section */

/* Begin XCBuildConfiguration section */
		B76D366B2BEF069B00260D63 /* Debug */ = {
			isa = XCBuildConfiguration;
			buildSettings = {
				ALWAYS_SEARCH_USER_PATHS = NO;
				ASSETCATALOG_COMPILER_GENERATE_SWIFT_ASSET_SYMBOL_EXTENSIONS = YES;
				CLANG_ANALYZER_NONNULL = YES;
				CLANG_ANALYZER_NUMBER_OBJECT_CONVERSION = YES_AGGRESSIVE;
				CLANG_CXX_LANGUAGE_STANDARD = "gnu++20";
				CLANG_ENABLE_MODULES = YES;
				CLANG_ENABLE_OBJC_ARC = YES;
				CLANG_ENABLE_OBJC_WEAK = YES;
				CLANG_WARN_BLOCK_CAPTURE_AUTORELEASING = YES;
				CLANG_WARN_BOOL_CONVERSION = YES;
				CLANG_WARN_COMMA = YES;
				CLANG_WARN_CONSTANT_CONVERSION = YES;
				CLANG_WARN_DEPRECATED_OBJC_IMPLEMENTATIONS = YES;
				CLANG_WARN_DIRECT_OBJC_ISA_USAGE = YES_ERROR;
				CLANG_WARN_DOCUMENTATION_COMMENTS = YES;
				CLANG_WARN_EMPTY_BODY = YES;
				CLANG_WARN_ENUM_CONVERSION = YES;
				CLANG_WARN_INFINITE_RECURSION = YES;
				CLANG_WARN_INT_CONVERSION = YES;
				CLANG_WARN_NON_LITERAL_NULL_CONVERSION = YES;
				CLANG_WARN_OBJC_IMPLICIT_RETAIN_SELF = YES;
				CLANG_WARN_OBJC_LITERAL_CONVERSION = YES;
				CLANG_WARN_OBJC_ROOT_CLASS = YES_ERROR;
				CLANG_WARN_QUOTED_INCLUDE_IN_FRAMEWORK_HEADER = YES;
				CLANG_WARN_RANGE_LOOP_ANALYSIS = YES;
				CLANG_WARN_STRICT_PROTOTYPES = YES;
				CLANG_WARN_SUSPICIOUS_MOVE = YES;
				CLANG_WARN_UNGUARDED_AVAILABILITY = YES_AGGRESSIVE;
				CLANG_WARN_UNREACHABLE_CODE = YES;
				CLANG_WARN__DUPLICATE_METHOD_MATCH = YES;
				COPY_PHASE_STRIP = NO;
				DEBUG_INFORMATION_FORMAT = dwarf;
				ENABLE_STRICT_OBJC_MSGSEND = YES;
				ENABLE_TESTABILITY = YES;
				ENABLE_USER_SCRIPT_SANDBOXING = YES;
				GCC_C_LANGUAGE_STANDARD = gnu17;
				GCC_DYNAMIC_NO_PIC = NO;
				GCC_NO_COMMON_BLOCKS = YES;
				GCC_OPTIMIZATION_LEVEL = 0;
				GCC_PREPROCESSOR_DEFINITIONS = (
					"DEBUG=1",
					"$(inherited)",
				);
				GCC_WARN_64_TO_32_BIT_CONVERSION = YES;
				GCC_WARN_ABOUT_RETURN_TYPE = YES_ERROR;
				GCC_WARN_UNDECLARED_SELECTOR = YES;
				GCC_WARN_UNINITIALIZED_AUTOS = YES_AGGRESSIVE;
				GCC_WARN_UNUSED_FUNCTION = YES;
				GCC_WARN_UNUSED_VARIABLE = YES;
				IPHONEOS_DEPLOYMENT_TARGET = 17.4;
				LOCALIZATION_PREFERS_STRING_CATALOGS = YES;
				MTL_ENABLE_DEBUG_INFO = INCLUDE_SOURCE;
				MTL_FAST_MATH = YES;
				ONLY_ACTIVE_ARCH = YES;
				SDKROOT = iphoneos;
				SWIFT_ACTIVE_COMPILATION_CONDITIONS = "DEBUG $(inherited)";
				SWIFT_OPTIMIZATION_LEVEL = "-Onone";
			};
			name = Debug;
		};
		B76D366C2BEF069B00260D63 /* Release */ = {
			isa = XCBuildConfiguration;
			buildSettings = {
				ALWAYS_SEARCH_USER_PATHS = NO;
				ASSETCATALOG_COMPILER_GENERATE_SWIFT_ASSET_SYMBOL_EXTENSIONS = YES;
				CLANG_ANALYZER_NONNULL = YES;
				CLANG_ANALYZER_NUMBER_OBJECT_CONVERSION = YES_AGGRESSIVE;
				CLANG_CXX_LANGUAGE_STANDARD = "gnu++20";
				CLANG_ENABLE_MODULES = YES;
				CLANG_ENABLE_OBJC_ARC = YES;
				CLANG_ENABLE_OBJC_WEAK = YES;
				CLANG_WARN_BLOCK_CAPTURE_AUTORELEASING = YES;
				CLANG_WARN_BOOL_CONVERSION = YES;
				CLANG_WARN_COMMA = YES;
				CLANG_WARN_CONSTANT_CONVERSION = YES;
				CLANG_WARN_DEPRECATED_OBJC_IMPLEMENTATIONS = YES;
				CLANG_WARN_DIRECT_OBJC_ISA_USAGE = YES_ERROR;
				CLANG_WARN_DOCUMENTATION_COMMENTS = YES;
				CLANG_WARN_EMPTY_BODY = YES;
				CLANG_WARN_ENUM_CONVERSION = YES;
				CLANG_WARN_INFINITE_RECURSION = YES;
				CLANG_WARN_INT_CONVERSION = YES;
				CLANG_WARN_NON_LITERAL_NULL_CONVERSION = YES;
				CLANG_WARN_OBJC_IMPLICIT_RETAIN_SELF = YES;
				CLANG_WARN_OBJC_LITERAL_CONVERSION = YES;
				CLANG_WARN_OBJC_ROOT_CLASS = YES_ERROR;
				CLANG_WARN_QUOTED_INCLUDE_IN_FRAMEWORK_HEADER = YES;
				CLANG_WARN_RANGE_LOOP_ANALYSIS = YES;
				CLANG_WARN_STRICT_PROTOTYPES = YES;
				CLANG_WARN_SUSPICIOUS_MOVE = YES;
				CLANG_WARN_UNGUARDED_AVAILABILITY = YES_AGGRESSIVE;
				CLANG_WARN_UNREACHABLE_CODE = YES;
				CLANG_WARN__DUPLICATE_METHOD_MATCH = YES;
				COPY_PHASE_STRIP = NO;
				DEBUG_INFORMATION_FORMAT = "dwarf-with-dsym";
				ENABLE_NS_ASSERTIONS = NO;
				ENABLE_STRICT_OBJC_MSGSEND = YES;
				ENABLE_USER_SCRIPT_SANDBOXING = YES;
				GCC_C_LANGUAGE_STANDARD = gnu17;
				GCC_NO_COMMON_BLOCKS = YES;
				GCC_WARN_64_TO_32_BIT_CONVERSION = YES;
				GCC_WARN_ABOUT_RETURN_TYPE = YES_ERROR;
				GCC_WARN_UNDECLARED_SELECTOR = YES;
				GCC_WARN_UNINITIALIZED_AUTOS = YES_AGGRESSIVE;
				GCC_WARN_UNUSED_FUNCTION = YES;
				GCC_WARN_UNUSED_VARIABLE = YES;
				IPHONEOS_DEPLOYMENT_TARGET = 17.4;
				LOCALIZATION_PREFERS_STRING_CATALOGS = YES;
				MTL_ENABLE_DEBUG_INFO = NO;
				MTL_FAST_MATH = YES;
				SDKROOT = iphoneos;
				SWIFT_COMPILATION_MODE = wholemodule;
				VALIDATE_PRODUCT = YES;
			};
			name = Release;
		};
		B76D366E2BEF069B00260D63 /* Debug */ = {
			isa = XCBuildConfiguration;
			buildSettings = {
				ASSETCATALOG_COMPILER_APPICON_NAME = AppIcon;
				ASSETCATALOG_COMPILER_GLOBAL_ACCENT_COLOR_NAME = AccentColor;
				CODE_SIGN_STYLE = Automatic;
				CURRENT_PROJECT_VERSION = 1;
				DEVELOPMENT_ASSET_PATHS = "\"Menu/Preview Content\"";
				DEVELOPMENT_TEAM = HMPQ2T7A72;
				ENABLE_PREVIEWS = YES;
				GENERATE_INFOPLIST_FILE = YES;
				INFOPLIST_KEY_UIApplicationSceneManifest_Generation = YES;
				INFOPLIST_KEY_UIApplicationSupportsIndirectInputEvents = YES;
				INFOPLIST_KEY_UILaunchScreen_Generation = YES;
				INFOPLIST_KEY_UISupportedInterfaceOrientations_iPad = "UIInterfaceOrientationPortrait UIInterfaceOrientationPortraitUpsideDown UIInterfaceOrientationLandscapeLeft UIInterfaceOrientationLandscapeRight";
				INFOPLIST_KEY_UISupportedInterfaceOrientations_iPhone = "UIInterfaceOrientationPortrait UIInterfaceOrientationLandscapeLeft UIInterfaceOrientationLandscapeRight";
				IPHONEOS_DEPLOYMENT_TARGET = 16.0;
				LD_RUNPATH_SEARCH_PATHS = (
					"$(inherited)",
					"@executable_path/Frameworks",
				);
				MARKETING_VERSION = 1.0;
				PRODUCT_BUNDLE_IDENTIFIER = com.menu.menu.Menu;
				PRODUCT_NAME = "$(TARGET_NAME)";
				SWIFT_EMIT_LOC_STRINGS = YES;
				SWIFT_VERSION = 5.0;
				TARGETED_DEVICE_FAMILY = "1,2";
			};
			name = Debug;
		};
		B76D366F2BEF069B00260D63 /* Release */ = {
			isa = XCBuildConfiguration;
			buildSettings = {
				ASSETCATALOG_COMPILER_APPICON_NAME = AppIcon;
				ASSETCATALOG_COMPILER_GLOBAL_ACCENT_COLOR_NAME = AccentColor;
				CODE_SIGN_STYLE = Automatic;
				CURRENT_PROJECT_VERSION = 1;
				DEVELOPMENT_ASSET_PATHS = "\"Menu/Preview Content\"";
				DEVELOPMENT_TEAM = HMPQ2T7A72;
				ENABLE_PREVIEWS = YES;
				GENERATE_INFOPLIST_FILE = YES;
				INFOPLIST_KEY_UIApplicationSceneManifest_Generation = YES;
				INFOPLIST_KEY_UIApplicationSupportsIndirectInputEvents = YES;
				INFOPLIST_KEY_UILaunchScreen_Generation = YES;
				INFOPLIST_KEY_UISupportedInterfaceOrientations_iPad = "UIInterfaceOrientationPortrait UIInterfaceOrientationPortraitUpsideDown UIInterfaceOrientationLandscapeLeft UIInterfaceOrientationLandscapeRight";
				INFOPLIST_KEY_UISupportedInterfaceOrientations_iPhone = "UIInterfaceOrientationPortrait UIInterfaceOrientationLandscapeLeft UIInterfaceOrientationLandscapeRight";
				IPHONEOS_DEPLOYMENT_TARGET = 16.0;
				LD_RUNPATH_SEARCH_PATHS = (
					"$(inherited)",
					"@executable_path/Frameworks",
				);
				MARKETING_VERSION = 1.0;
				PRODUCT_BUNDLE_IDENTIFIER = com.menu.menu.Menu;
				PRODUCT_NAME = "$(TARGET_NAME)";
				SWIFT_EMIT_LOC_STRINGS = YES;
				SWIFT_VERSION = 5.0;
				TARGETED_DEVICE_FAMILY = "1,2";
			};
			name = Release;
		};
		B76D36712BEF069B00260D63 /* Debug */ = {
			isa = XCBuildConfiguration;
			buildSettings = {
				ALWAYS_EMBED_SWIFT_STANDARD_LIBRARIES = YES;
				BUNDLE_LOADER = "$(TEST_HOST)";
				CODE_SIGN_STYLE = Automatic;
				CURRENT_PROJECT_VERSION = 1;
				DEVELOPMENT_TEAM = HMPQ2T7A72;
				GENERATE_INFOPLIST_FILE = YES;
				IPHONEOS_DEPLOYMENT_TARGET = 17.4;
				MARKETING_VERSION = 1.0;
				PRODUCT_BUNDLE_IDENTIFIER = com.menu.menu.MenuTests;
				PRODUCT_NAME = "$(TARGET_NAME)";
				SWIFT_EMIT_LOC_STRINGS = NO;
				SWIFT_VERSION = 5.0;
				TARGETED_DEVICE_FAMILY = "1,2";
				TEST_HOST = "$(BUILT_PRODUCTS_DIR)/Menu.app/$(BUNDLE_EXECUTABLE_FOLDER_PATH)/Menu";
			};
			name = Debug;
		};
		B76D36722BEF069B00260D63 /* Release */ = {
			isa = XCBuildConfiguration;
			buildSettings = {
				ALWAYS_EMBED_SWIFT_STANDARD_LIBRARIES = YES;
				BUNDLE_LOADER = "$(TEST_HOST)";
				CODE_SIGN_STYLE = Automatic;
				CURRENT_PROJECT_VERSION = 1;
				DEVELOPMENT_TEAM = HMPQ2T7A72;
				GENERATE_INFOPLIST_FILE = YES;
				IPHONEOS_DEPLOYMENT_TARGET = 17.4;
				MARKETING_VERSION = 1.0;
				PRODUCT_BUNDLE_IDENTIFIER = com.menu.menu.MenuTests;
				PRODUCT_NAME = "$(TARGET_NAME)";
				SWIFT_EMIT_LOC_STRINGS = NO;
				SWIFT_VERSION = 5.0;
				TARGETED_DEVICE_FAMILY = "1,2";
				TEST_HOST = "$(BUILT_PRODUCTS_DIR)/Menu.app/$(BUNDLE_EXECUTABLE_FOLDER_PATH)/Menu";
			};
			name = Release;
		};
		B76D36742BEF069B00260D63 /* Debug */ = {
			isa = XCBuildConfiguration;
			buildSettings = {
				ALWAYS_EMBED_SWIFT_STANDARD_LIBRARIES = YES;
				CODE_SIGN_STYLE = Automatic;
				CURRENT_PROJECT_VERSION = 1;
				DEVELOPMENT_TEAM = HMPQ2T7A72;
				GENERATE_INFOPLIST_FILE = YES;
				MARKETING_VERSION = 1.0;
				PRODUCT_BUNDLE_IDENTIFIER = com.menu.menu.MenuUITests;
				PRODUCT_NAME = "$(TARGET_NAME)";
				SWIFT_EMIT_LOC_STRINGS = NO;
				SWIFT_VERSION = 5.0;
				TARGETED_DEVICE_FAMILY = "1,2";
				TEST_TARGET_NAME = Menu;
			};
			name = Debug;
		};
		B76D36752BEF069B00260D63 /* Release */ = {
			isa = XCBuildConfiguration;
			buildSettings = {
				ALWAYS_EMBED_SWIFT_STANDARD_LIBRARIES = YES;
				CODE_SIGN_STYLE = Automatic;
				CURRENT_PROJECT_VERSION = 1;
				DEVELOPMENT_TEAM = HMPQ2T7A72;
				GENERATE_INFOPLIST_FILE = YES;
				MARKETING_VERSION = 1.0;
				PRODUCT_BUNDLE_IDENTIFIER = com.menu.menu.MenuUITests;
				PRODUCT_NAME = "$(TARGET_NAME)";
				SWIFT_EMIT_LOC_STRINGS = NO;
				SWIFT_VERSION = 5.0;
				TARGETED_DEVICE_FAMILY = "1,2";
				TEST_TARGET_NAME = Menu;
			};
			name = Release;
		};
/* End XCBuildConfiguration section */

/* Begin XCConfigurationList section */
		B76D36442BEF069A00260D63 /* Build configuration list for PBXProject "Menu" */ = {
			isa = XCConfigurationList;
			buildConfigurations = (
				B76D366B2BEF069B00260D63 /* Debug */,
				B76D366C2BEF069B00260D63 /* Release */,
			);
			defaultConfigurationIsVisible = 0;
			defaultConfigurationName = Release;
		};
		B76D366D2BEF069B00260D63 /* Build configuration list for PBXNativeTarget "Menu" */ = {
			isa = XCConfigurationList;
			buildConfigurations = (
				B76D366E2BEF069B00260D63 /* Debug */,
				B76D366F2BEF069B00260D63 /* Release */,
			);
			defaultConfigurationIsVisible = 0;
			defaultConfigurationName = Release;
		};
		B76D36702BEF069B00260D63 /* Build configuration list for PBXNativeTarget "MenuTests" */ = {
			isa = XCConfigurationList;
			buildConfigurations = (
				B76D36712BEF069B00260D63 /* Debug */,
				B76D36722BEF069B00260D63 /* Release */,
			);
			defaultConfigurationIsVisible = 0;
			defaultConfigurationName = Release;
		};
		B76D36732BEF069B00260D63 /* Build configuration list for PBXNativeTarget "MenuUITests" */ = {
			isa = XCConfigurationList;
			buildConfigurations = (
				B76D36742BEF069B00260D63 /* Debug */,
				B76D36752BEF069B00260D63 /* Release */,
			);
			defaultConfigurationIsVisible = 0;
			defaultConfigurationName = Release;
		};
/* End XCConfigurationList section */
	};
	rootObject = B76D36412BEF069A00260D63 /* Project object */;
}
