// !$*UTF8*$!
{
	archiveVersion = 1;
	classes = {
	};
	objectVersion = 56;
	objects = {

/* Begin PBXBuildFile section */
		B75690382BEDFF3300F86ED7 /* List1ImageAndTextApp.swift in Sources */ = {isa = PBXBuildFile; fileRef = B75690372BEDFF3300F86ED7 /* List1ImageAndTextApp.swift */; };
		B756903A2BEDFF3300F86ED7 /* ContentView.swift in Sources */ = {isa = PBXBuildFile; fileRef = B75690392BEDFF3300F86ED7 /* ContentView.swift */; };
		B756903C2BEDFF3400F86ED7 /* Assets.xcassets in Resources */ = {isa = PBXBuildFile; fileRef = B756903B2BEDFF3400F86ED7 /* Assets.xcassets */; };
		B756903F2BEDFF3400F86ED7 /* Preview Assets.xcassets in Resources */ = {isa = PBXBuildFile; fileRef = B756903E2BEDFF3400F86ED7 /* Preview Assets.xcassets */; };
		B75690492BEDFF3400F86ED7 /* List1ImageAndTextTests.swift in Sources */ = {isa = PBXBuildFile; fileRef = B75690482BEDFF3400F86ED7 /* List1ImageAndTextTests.swift */; };
		B75690532BEDFF3400F86ED7 /* List1ImageAndTextUITests.swift in Sources */ = {isa = PBXBuildFile; fileRef = B75690522BEDFF3400F86ED7 /* List1ImageAndTextUITests.swift */; };
		B75690552BEDFF3400F86ED7 /* List1ImageAndTextUITestsLaunchTests.swift in Sources */ = {isa = PBXBuildFile; fileRef = B75690542BEDFF3400F86ED7 /* List1ImageAndTextUITestsLaunchTests.swift */; };
/* End PBXBuildFile section */

/* Begin PBXContainerItemProxy section */
		B75690452BEDFF3400F86ED7 /* PBXContainerItemProxy */ = {
			isa = PBXContainerItemProxy;
			containerPortal = B756902C2BEDFF3200F86ED7 /* Project object */;
			proxyType = 1;
			remoteGlobalIDString = B75690332BEDFF3200F86ED7;
			remoteInfo = List1ImageAndText;
		};
		B756904F2BEDFF3400F86ED7 /* PBXContainerItemProxy */ = {
			isa = PBXContainerItemProxy;
			containerPortal = B756902C2BEDFF3200F86ED7 /* Project object */;
			proxyType = 1;
			remoteGlobalIDString = B75690332BEDFF3200F86ED7;
			remoteInfo = List1ImageAndText;
		};
/* End PBXContainerItemProxy section */

/* Begin PBXFileReference section */
		B75690342BEDFF3300F86ED7 /* List1ImageAndText.app */ = {isa = PBXFileReference; explicitFileType = wrapper.application; includeInIndex = 0; path = List1ImageAndText.app; sourceTree = BUILT_PRODUCTS_DIR; };
		B75690372BEDFF3300F86ED7 /* List1ImageAndTextApp.swift */ = {isa = PBXFileReference; lastKnownFileType = sourcecode.swift; path = List1ImageAndTextApp.swift; sourceTree = "<group>"; };
		B75690392BEDFF3300F86ED7 /* ContentView.swift */ = {isa = PBXFileReference; lastKnownFileType = sourcecode.swift; path = ContentView.swift; sourceTree = "<group>"; };
		B756903B2BEDFF3400F86ED7 /* Assets.xcassets */ = {isa = PBXFileReference; lastKnownFileType = folder.assetcatalog; path = Assets.xcassets; sourceTree = "<group>"; };
		B756903E2BEDFF3400F86ED7 /* Preview Assets.xcassets */ = {isa = PBXFileReference; lastKnownFileType = folder.assetcatalog; path = "Preview Assets.xcassets"; sourceTree = "<group>"; };
		B75690442BEDFF3400F86ED7 /* List1ImageAndTextTests.xctest */ = {isa = PBXFileReference; explicitFileType = wrapper.cfbundle; includeInIndex = 0; path = List1ImageAndTextTests.xctest; sourceTree = BUILT_PRODUCTS_DIR; };
		B75690482BEDFF3400F86ED7 /* List1ImageAndTextTests.swift */ = {isa = PBXFileReference; lastKnownFileType = sourcecode.swift; path = List1ImageAndTextTests.swift; sourceTree = "<group>"; };
		B756904E2BEDFF3400F86ED7 /* List1ImageAndTextUITests.xctest */ = {isa = PBXFileReference; explicitFileType = wrapper.cfbundle; includeInIndex = 0; path = List1ImageAndTextUITests.xctest; sourceTree = BUILT_PRODUCTS_DIR; };
		B75690522BEDFF3400F86ED7 /* List1ImageAndTextUITests.swift */ = {isa = PBXFileReference; lastKnownFileType = sourcecode.swift; path = List1ImageAndTextUITests.swift; sourceTree = "<group>"; };
		B75690542BEDFF3400F86ED7 /* List1ImageAndTextUITestsLaunchTests.swift */ = {isa = PBXFileReference; lastKnownFileType = sourcecode.swift; path = List1ImageAndTextUITestsLaunchTests.swift; sourceTree = "<group>"; };
/* End PBXFileReference section */

/* Begin PBXFrameworksBuildPhase section */
		B75690312BEDFF3200F86ED7 /* Frameworks */ = {
			isa = PBXFrameworksBuildPhase;
			buildActionMask = 2147483647;
			files = (
			);
			runOnlyForDeploymentPostprocessing = 0;
		};
		B75690412BEDFF3400F86ED7 /* Frameworks */ = {
			isa = PBXFrameworksBuildPhase;
			buildActionMask = 2147483647;
			files = (
			);
			runOnlyForDeploymentPostprocessing = 0;
		};
		B756904B2BEDFF3400F86ED7 /* Frameworks */ = {
			isa = PBXFrameworksBuildPhase;
			buildActionMask = 2147483647;
			files = (
			);
			runOnlyForDeploymentPostprocessing = 0;
		};
/* End PBXFrameworksBuildPhase section */

/* Begin PBXGroup section */
		B756902B2BEDFF3200F86ED7 = {
			isa = PBXGroup;
			children = (
				B75690362BEDFF3300F86ED7 /* List1ImageAndText */,
				B75690472BEDFF3400F86ED7 /* List1ImageAndTextTests */,
				B75690512BEDFF3400F86ED7 /* List1ImageAndTextUITests */,
				B75690352BEDFF3300F86ED7 /* Products */,
			);
			sourceTree = "<group>";
		};
		B75690352BEDFF3300F86ED7 /* Products */ = {
			isa = PBXGroup;
			children = (
				B75690342BEDFF3300F86ED7 /* List1ImageAndText.app */,
				B75690442BEDFF3400F86ED7 /* List1ImageAndTextTests.xctest */,
				B756904E2BEDFF3400F86ED7 /* List1ImageAndTextUITests.xctest */,
			);
			name = Products;
			sourceTree = "<group>";
		};
		B75690362BEDFF3300F86ED7 /* List1ImageAndText */ = {
			isa = PBXGroup;
			children = (
				B75690372BEDFF3300F86ED7 /* List1ImageAndTextApp.swift */,
				B75690392BEDFF3300F86ED7 /* ContentView.swift */,
				B756903B2BEDFF3400F86ED7 /* Assets.xcassets */,
				B756903D2BEDFF3400F86ED7 /* Preview Content */,
			);
			path = List1ImageAndText;
			sourceTree = "<group>";
		};
		B756903D2BEDFF3400F86ED7 /* Preview Content */ = {
			isa = PBXGroup;
			children = (
				B756903E2BEDFF3400F86ED7 /* Preview Assets.xcassets */,
			);
			path = "Preview Content";
			sourceTree = "<group>";
		};
		B75690472BEDFF3400F86ED7 /* List1ImageAndTextTests */ = {
			isa = PBXGroup;
			children = (
				B75690482BEDFF3400F86ED7 /* List1ImageAndTextTests.swift */,
			);
			path = List1ImageAndTextTests;
			sourceTree = "<group>";
		};
		B75690512BEDFF3400F86ED7 /* List1ImageAndTextUITests */ = {
			isa = PBXGroup;
			children = (
				B75690522BEDFF3400F86ED7 /* List1ImageAndTextUITests.swift */,
				B75690542BEDFF3400F86ED7 /* List1ImageAndTextUITestsLaunchTests.swift */,
			);
			path = List1ImageAndTextUITests;
			sourceTree = "<group>";
		};
/* End PBXGroup section */

/* Begin PBXNativeTarget section */
		B75690332BEDFF3200F86ED7 /* List1ImageAndText */ = {
			isa = PBXNativeTarget;
			buildConfigurationList = B75690582BEDFF3400F86ED7 /* Build configuration list for PBXNativeTarget "List1ImageAndText" */;
			buildPhases = (
				B75690302BEDFF3200F86ED7 /* Sources */,
				B75690312BEDFF3200F86ED7 /* Frameworks */,
				B75690322BEDFF3200F86ED7 /* Resources */,
			);
			buildRules = (
			);
			dependencies = (
			);
			name = List1ImageAndText;
			productName = List1ImageAndText;
			productReference = B75690342BEDFF3300F86ED7 /* List1ImageAndText.app */;
			productType = "com.apple.product-type.application";
		};
		B75690432BEDFF3400F86ED7 /* List1ImageAndTextTests */ = {
			isa = PBXNativeTarget;
			buildConfigurationList = B756905B2BEDFF3400F86ED7 /* Build configuration list for PBXNativeTarget "List1ImageAndTextTests" */;
			buildPhases = (
				B75690402BEDFF3400F86ED7 /* Sources */,
				B75690412BEDFF3400F86ED7 /* Frameworks */,
				B75690422BEDFF3400F86ED7 /* Resources */,
			);
			buildRules = (
			);
			dependencies = (
				B75690462BEDFF3400F86ED7 /* PBXTargetDependency */,
			);
			name = List1ImageAndTextTests;
			productName = List1ImageAndTextTests;
			productReference = B75690442BEDFF3400F86ED7 /* List1ImageAndTextTests.xctest */;
			productType = "com.apple.product-type.bundle.unit-test";
		};
		B756904D2BEDFF3400F86ED7 /* List1ImageAndTextUITests */ = {
			isa = PBXNativeTarget;
			buildConfigurationList = B756905E2BEDFF3400F86ED7 /* Build configuration list for PBXNativeTarget "List1ImageAndTextUITests" */;
			buildPhases = (
				B756904A2BEDFF3400F86ED7 /* Sources */,
				B756904B2BEDFF3400F86ED7 /* Frameworks */,
				B756904C2BEDFF3400F86ED7 /* Resources */,
			);
			buildRules = (
			);
			dependencies = (
				B75690502BEDFF3400F86ED7 /* PBXTargetDependency */,
			);
			name = List1ImageAndTextUITests;
			productName = List1ImageAndTextUITests;
			productReference = B756904E2BEDFF3400F86ED7 /* List1ImageAndTextUITests.xctest */;
			productType = "com.apple.product-type.bundle.ui-testing";
		};
/* End PBXNativeTarget section */

/* Begin PBXProject section */
		B756902C2BEDFF3200F86ED7 /* Project object */ = {
			isa = PBXProject;
			attributes = {
				BuildIndependentTargetsInParallel = 1;
				LastSwiftUpdateCheck = 1530;
				LastUpgradeCheck = 1530;
				TargetAttributes = {
					B75690332BEDFF3200F86ED7 = {
						CreatedOnToolsVersion = 15.3;
					};
					B75690432BEDFF3400F86ED7 = {
						CreatedOnToolsVersion = 15.3;
						TestTargetID = B75690332BEDFF3200F86ED7;
					};
					B756904D2BEDFF3400F86ED7 = {
						CreatedOnToolsVersion = 15.3;
						TestTargetID = B75690332BEDFF3200F86ED7;
					};
				};
			};
			buildConfigurationList = B756902F2BEDFF3200F86ED7 /* Build configuration list for PBXProject "List1ImageAndText" */;
			compatibilityVersion = "Xcode 14.0";
			developmentRegion = en;
			hasScannedForEncodings = 0;
			knownRegions = (
				en,
				Base,
			);
			mainGroup = B756902B2BEDFF3200F86ED7;
			productRefGroup = B75690352BEDFF3300F86ED7 /* Products */;
			projectDirPath = "";
			projectRoot = "";
			targets = (
				B75690332BEDFF3200F86ED7 /* List1ImageAndText */,
				B75690432BEDFF3400F86ED7 /* List1ImageAndTextTests */,
				B756904D2BEDFF3400F86ED7 /* List1ImageAndTextUITests */,
			);
		};
/* End PBXProject section */

/* Begin PBXResourcesBuildPhase section */
		B75690322BEDFF3200F86ED7 /* Resources */ = {
			isa = PBXResourcesBuildPhase;
			buildActionMask = 2147483647;
			files = (
				B756903F2BEDFF3400F86ED7 /* Preview Assets.xcassets in Resources */,
				B756903C2BEDFF3400F86ED7 /* Assets.xcassets in Resources */,
			);
			runOnlyForDeploymentPostprocessing = 0;
		};
		B75690422BEDFF3400F86ED7 /* Resources */ = {
			isa = PBXResourcesBuildPhase;
			buildActionMask = 2147483647;
			files = (
			);
			runOnlyForDeploymentPostprocessing = 0;
		};
		B756904C2BEDFF3400F86ED7 /* Resources */ = {
			isa = PBXResourcesBuildPhase;
			buildActionMask = 2147483647;
			files = (
			);
			runOnlyForDeploymentPostprocessing = 0;
		};
/* End PBXResourcesBuildPhase section */

/* Begin PBXSourcesBuildPhase section */
		B75690302BEDFF3200F86ED7 /* Sources */ = {
			isa = PBXSourcesBuildPhase;
			buildActionMask = 2147483647;
			files = (
				B756903A2BEDFF3300F86ED7 /* ContentView.swift in Sources */,
				B75690382BEDFF3300F86ED7 /* List1ImageAndTextApp.swift in Sources */,
			);
			runOnlyForDeploymentPostprocessing = 0;
		};
		B75690402BEDFF3400F86ED7 /* Sources */ = {
			isa = PBXSourcesBuildPhase;
			buildActionMask = 2147483647;
			files = (
				B75690492BEDFF3400F86ED7 /* List1ImageAndTextTests.swift in Sources */,
			);
			runOnlyForDeploymentPostprocessing = 0;
		};
		B756904A2BEDFF3400F86ED7 /* Sources */ = {
			isa = PBXSourcesBuildPhase;
			buildActionMask = 2147483647;
			files = (
				B75690532BEDFF3400F86ED7 /* List1ImageAndTextUITests.swift in Sources */,
				B75690552BEDFF3400F86ED7 /* List1ImageAndTextUITestsLaunchTests.swift in Sources */,
			);
			runOnlyForDeploymentPostprocessing = 0;
		};
/* End PBXSourcesBuildPhase section */

/* Begin PBXTargetDependency section */
		B75690462BEDFF3400F86ED7 /* PBXTargetDependency */ = {
			isa = PBXTargetDependency;
			target = B75690332BEDFF3200F86ED7 /* List1ImageAndText */;
			targetProxy = B75690452BEDFF3400F86ED7 /* PBXContainerItemProxy */;
		};
		B75690502BEDFF3400F86ED7 /* PBXTargetDependency */ = {
			isa = PBXTargetDependency;
			target = B75690332BEDFF3200F86ED7 /* List1ImageAndText */;
			targetProxy = B756904F2BEDFF3400F86ED7 /* PBXContainerItemProxy */;
		};
/* End PBXTargetDependency section */

/* Begin XCBuildConfiguration section */
		B75690562BEDFF3400F86ED7 /* Debug */ = {
			isa = XCBuildConfiguration;
			buildSettings = {
				ALWAYS_SEARCH_USER_PATHS = NO;
				ASSETCATALOG_COMPILER_GENERATE_SWIFT_ASSET_SYMBOL_EXTENSIONS = YES;
				CLANG_ANALYZER_NONNULL = YES;
				CLANG_ANALYZER_NUMBER_OBJECT_CONVERSION = YES_AGGRESSIVE;
				CLANG_CXX_LANGUAGE_STANDARD = "gnu++20";
				CLANG_ENABLE_MODULES = YES;
				CLANG_ENABLE_OBJC_ARC = YES;
				CLANG_ENABLE_OBJC_WEAK = YES;
				CLANG_WARN_BLOCK_CAPTURE_AUTORELEASING = YES;
				CLANG_WARN_BOOL_CONVERSION = YES;
				CLANG_WARN_COMMA = YES;
				CLANG_WARN_CONSTANT_CONVERSION = YES;
				CLANG_WARN_DEPRECATED_OBJC_IMPLEMENTATIONS = YES;
				CLANG_WARN_DIRECT_OBJC_ISA_USAGE = YES_ERROR;
				CLANG_WARN_DOCUMENTATION_COMMENTS = YES;
				CLANG_WARN_EMPTY_BODY = YES;
				CLANG_WARN_ENUM_CONVERSION = YES;
				CLANG_WARN_INFINITE_RECURSION = YES;
				CLANG_WARN_INT_CONVERSION = YES;
				CLANG_WARN_NON_LITERAL_NULL_CONVERSION = YES;
				CLANG_WARN_OBJC_IMPLICIT_RETAIN_SELF = YES;
				CLANG_WARN_OBJC_LITERAL_CONVERSION = YES;
				CLANG_WARN_OBJC_ROOT_CLASS = YES_ERROR;
				CLANG_WARN_QUOTED_INCLUDE_IN_FRAMEWORK_HEADER = YES;
				CLANG_WARN_RANGE_LOOP_ANALYSIS = YES;
				CLANG_WARN_STRICT_PROTOTYPES = YES;
				CLANG_WARN_SUSPICIOUS_MOVE = YES;
				CLANG_WARN_UNGUARDED_AVAILABILITY = YES_AGGRESSIVE;
				CLANG_WARN_UNREACHABLE_CODE = YES;
				CLANG_WARN__DUPLICATE_METHOD_MATCH = YES;
				COPY_PHASE_STRIP = NO;
				DEBUG_INFORMATION_FORMAT = dwarf;
				ENABLE_STRICT_OBJC_MSGSEND = YES;
				ENABLE_TESTABILITY = YES;
				ENABLE_USER_SCRIPT_SANDBOXING = YES;
				GCC_C_LANGUAGE_STANDARD = gnu17;
				GCC_DYNAMIC_NO_PIC = NO;
				GCC_NO_COMMON_BLOCKS = YES;
				GCC_OPTIMIZATION_LEVEL = 0;
				GCC_PREPROCESSOR_DEFINITIONS = (
					"DEBUG=1",
					"$(inherited)",
				);
				GCC_WARN_64_TO_32_BIT_CONVERSION = YES;
				GCC_WARN_ABOUT_RETURN_TYPE = YES_ERROR;
				GCC_WARN_UNDECLARED_SELECTOR = YES;
				GCC_WARN_UNINITIALIZED_AUTOS = YES_AGGRESSIVE;
				GCC_WARN_UNUSED_FUNCTION = YES;
				GCC_WARN_UNUSED_VARIABLE = YES;
				IPHONEOS_DEPLOYMENT_TARGET = 17.4;
				LOCALIZATION_PREFERS_STRING_CATALOGS = YES;
				MTL_ENABLE_DEBUG_INFO = INCLUDE_SOURCE;
				MTL_FAST_MATH = YES;
				ONLY_ACTIVE_ARCH = YES;
				SDKROOT = iphoneos;
				SWIFT_ACTIVE_COMPILATION_CONDITIONS = "DEBUG $(inherited)";
				SWIFT_OPTIMIZATION_LEVEL = "-Onone";
			};
			name = Debug;
		};
		B75690572BEDFF3400F86ED7 /* Release */ = {
			isa = XCBuildConfiguration;
			buildSettings = {
				ALWAYS_SEARCH_USER_PATHS = NO;
				ASSETCATALOG_COMPILER_GENERATE_SWIFT_ASSET_SYMBOL_EXTENSIONS = YES;
				CLANG_ANALYZER_NONNULL = YES;
				CLANG_ANALYZER_NUMBER_OBJECT_CONVERSION = YES_AGGRESSIVE;
				CLANG_CXX_LANGUAGE_STANDARD = "gnu++20";
				CLANG_ENABLE_MODULES = YES;
				CLANG_ENABLE_OBJC_ARC = YES;
				CLANG_ENABLE_OBJC_WEAK = YES;
				CLANG_WARN_BLOCK_CAPTURE_AUTORELEASING = YES;
				CLANG_WARN_BOOL_CONVERSION = YES;
				CLANG_WARN_COMMA = YES;
				CLANG_WARN_CONSTANT_CONVERSION = YES;
				CLANG_WARN_DEPRECATED_OBJC_IMPLEMENTATIONS = YES;
				CLANG_WARN_DIRECT_OBJC_ISA_USAGE = YES_ERROR;
				CLANG_WARN_DOCUMENTATION_COMMENTS = YES;
				CLANG_WARN_EMPTY_BODY = YES;
				CLANG_WARN_ENUM_CONVERSION = YES;
				CLANG_WARN_INFINITE_RECURSION = YES;
				CLANG_WARN_INT_CONVERSION = YES;
				CLANG_WARN_NON_LITERAL_NULL_CONVERSION = YES;
				CLANG_WARN_OBJC_IMPLICIT_RETAIN_SELF = YES;
				CLANG_WARN_OBJC_LITERAL_CONVERSION = YES;
				CLANG_WARN_OBJC_ROOT_CLASS = YES_ERROR;
				CLANG_WARN_QUOTED_INCLUDE_IN_FRAMEWORK_HEADER = YES;
				CLANG_WARN_RANGE_LOOP_ANALYSIS = YES;
				CLANG_WARN_STRICT_PROTOTYPES = YES;
				CLANG_WARN_SUSPICIOUS_MOVE = YES;
				CLANG_WARN_UNGUARDED_AVAILABILITY = YES_AGGRESSIVE;
				CLANG_WARN_UNREACHABLE_CODE = YES;
				CLANG_WARN__DUPLICATE_METHOD_MATCH = YES;
				COPY_PHASE_STRIP = NO;
				DEBUG_INFORMATION_FORMAT = "dwarf-with-dsym";
				ENABLE_NS_ASSERTIONS = NO;
				ENABLE_STRICT_OBJC_MSGSEND = YES;
				ENABLE_USER_SCRIPT_SANDBOXING = YES;
				GCC_C_LANGUAGE_STANDARD = gnu17;
				GCC_NO_COMMON_BLOCKS = YES;
				GCC_WARN_64_TO_32_BIT_CONVERSION = YES;
				GCC_WARN_ABOUT_RETURN_TYPE = YES_ERROR;
				GCC_WARN_UNDECLARED_SELECTOR = YES;
				GCC_WARN_UNINITIALIZED_AUTOS = YES_AGGRESSIVE;
				GCC_WARN_UNUSED_FUNCTION = YES;
				GCC_WARN_UNUSED_VARIABLE = YES;
				IPHONEOS_DEPLOYMENT_TARGET = 17.4;
				LOCALIZATION_PREFERS_STRING_CATALOGS = YES;
				MTL_ENABLE_DEBUG_INFO = NO;
				MTL_FAST_MATH = YES;
				SDKROOT = iphoneos;
				SWIFT_COMPILATION_MODE = wholemodule;
				VALIDATE_PRODUCT = YES;
			};
			name = Release;
		};
		B75690592BEDFF3400F86ED7 /* Debug */ = {
			isa = XCBuildConfiguration;
			buildSettings = {
				ASSETCATALOG_COMPILER_APPICON_NAME = AppIcon;
				ASSETCATALOG_COMPILER_GLOBAL_ACCENT_COLOR_NAME = AccentColor;
				CODE_SIGN_STYLE = Automatic;
				CURRENT_PROJECT_VERSION = 1;
				DEVELOPMENT_ASSET_PATHS = "\"List1ImageAndText/Preview Content\"";
				DEVELOPMENT_TEAM = HMPQ2T7A72;
				ENABLE_PREVIEWS = YES;
				GENERATE_INFOPLIST_FILE = YES;
				INFOPLIST_KEY_UIApplicationSceneManifest_Generation = YES;
				INFOPLIST_KEY_UIApplicationSupportsIndirectInputEvents = YES;
				INFOPLIST_KEY_UILaunchScreen_Generation = YES;
				INFOPLIST_KEY_UISupportedInterfaceOrientations_iPad = "UIInterfaceOrientationPortrait UIInterfaceOrientationPortraitUpsideDown UIInterfaceOrientationLandscapeLeft UIInterfaceOrientationLandscapeRight";
				INFOPLIST_KEY_UISupportedInterfaceOrientations_iPhone = "UIInterfaceOrientationPortrait UIInterfaceOrientationLandscapeLeft UIInterfaceOrientationLandscapeRight";
				IPHONEOS_DEPLOYMENT_TARGET = 16.0;
				LD_RUNPATH_SEARCH_PATHS = (
					"$(inherited)",
					"@executable_path/Frameworks",
				);
				MARKETING_VERSION = 1.0;
				PRODUCT_BUNDLE_IDENTIFIER = com..theme.ui.abc.abc.List1ImageAndText;
				PRODUCT_NAME = "$(TARGET_NAME)";
				SWIFT_EMIT_LOC_STRINGS = YES;
				SWIFT_VERSION = 5.0;
				TARGETED_DEVICE_FAMILY = "1,2";
			};
			name = Debug;
		};
		B756905A2BEDFF3400F86ED7 /* Release */ = {
			isa = XCBuildConfiguration;
			buildSettings = {
				ASSETCATALOG_COMPILER_APPICON_NAME = AppIcon;
				ASSETCATALOG_COMPILER_GLOBAL_ACCENT_COLOR_NAME = AccentColor;
				CODE_SIGN_STYLE = Automatic;
				CURRENT_PROJECT_VERSION = 1;
				DEVELOPMENT_ASSET_PATHS = "\"List1ImageAndText/Preview Content\"";
				DEVELOPMENT_TEAM = HMPQ2T7A72;
				ENABLE_PREVIEWS = YES;
				GENERATE_INFOPLIST_FILE = YES;
				INFOPLIST_KEY_UIApplicationSceneManifest_Generation = YES;
				INFOPLIST_KEY_UIApplicationSupportsIndirectInputEvents = YES;
				INFOPLIST_KEY_UILaunchScreen_Generation = YES;
				INFOPLIST_KEY_UISupportedInterfaceOrientations_iPad = "UIInterfaceOrientationPortrait UIInterfaceOrientationPortraitUpsideDown UIInterfaceOrientationLandscapeLeft UIInterfaceOrientationLandscapeRight";
				INFOPLIST_KEY_UISupportedInterfaceOrientations_iPhone = "UIInterfaceOrientationPortrait UIInterfaceOrientationLandscapeLeft UIInterfaceOrientationLandscapeRight";
				IPHONEOS_DEPLOYMENT_TARGET = 16.0;
				LD_RUNPATH_SEARCH_PATHS = (
					"$(inherited)",
					"@executable_path/Frameworks",
				);
				MARKETING_VERSION = 1.0;
				PRODUCT_BUNDLE_IDENTIFIER = com..theme.ui.abc.abc.List1ImageAndText;
				PRODUCT_NAME = "$(TARGET_NAME)";
				SWIFT_EMIT_LOC_STRINGS = YES;
				SWIFT_VERSION = 5.0;
				TARGETED_DEVICE_FAMILY = "1,2";
			};
			name = Release;
		};
		B756905C2BEDFF3400F86ED7 /* Debug */ = {
			isa = XCBuildConfiguration;
			buildSettings = {
				ALWAYS_EMBED_SWIFT_STANDARD_LIBRARIES = YES;
				BUNDLE_LOADER = "$(TEST_HOST)";
				CODE_SIGN_STYLE = Automatic;
				CURRENT_PROJECT_VERSION = 1;
				DEVELOPMENT_TEAM = HMPQ2T7A72;
				GENERATE_INFOPLIST_FILE = YES;
				IPHONEOS_DEPLOYMENT_TARGET = 17.4;
				MARKETING_VERSION = 1.0;
				PRODUCT_BUNDLE_IDENTIFIER = com..theme.ui.abc.abc.List1ImageAndTextTests;
				PRODUCT_NAME = "$(TARGET_NAME)";
				SWIFT_EMIT_LOC_STRINGS = NO;
				SWIFT_VERSION = 5.0;
				TARGETED_DEVICE_FAMILY = "1,2";
				TEST_HOST = "$(BUILT_PRODUCTS_DIR)/List1ImageAndText.app/$(BUNDLE_EXECUTABLE_FOLDER_PATH)/List1ImageAndText";
			};
			name = Debug;
		};
		B756905D2BEDFF3400F86ED7 /* Release */ = {
			isa = XCBuildConfiguration;
			buildSettings = {
				ALWAYS_EMBED_SWIFT_STANDARD_LIBRARIES = YES;
				BUNDLE_LOADER = "$(TEST_HOST)";
				CODE_SIGN_STYLE = Automatic;
				CURRENT_PROJECT_VERSION = 1;
				DEVELOPMENT_TEAM = HMPQ2T7A72;
				GENERATE_INFOPLIST_FILE = YES;
				IPHONEOS_DEPLOYMENT_TARGET = 17.4;
				MARKETING_VERSION = 1.0;
				PRODUCT_BUNDLE_IDENTIFIER = com..theme.ui.abc.abc.List1ImageAndTextTests;
				PRODUCT_NAME = "$(TARGET_NAME)";
				SWIFT_EMIT_LOC_STRINGS = NO;
				SWIFT_VERSION = 5.0;
				TARGETED_DEVICE_FAMILY = "1,2";
				TEST_HOST = "$(BUILT_PRODUCTS_DIR)/List1ImageAndText.app/$(BUNDLE_EXECUTABLE_FOLDER_PATH)/List1ImageAndText";
			};
			name = Release;
		};
		B756905F2BEDFF3400F86ED7 /* Debug */ = {
			isa = XCBuildConfiguration;
			buildSettings = {
				ALWAYS_EMBED_SWIFT_STANDARD_LIBRARIES = YES;
				CODE_SIGN_STYLE = Automatic;
				CURRENT_PROJECT_VERSION = 1;
				DEVELOPMENT_TEAM = HMPQ2T7A72;
				GENERATE_INFOPLIST_FILE = YES;
				MARKETING_VERSION = 1.0;
				PRODUCT_BUNDLE_IDENTIFIER = com..theme.ui.abc.abc.List1ImageAndTextUITests;
				PRODUCT_NAME = "$(TARGET_NAME)";
				SWIFT_EMIT_LOC_STRINGS = NO;
				SWIFT_VERSION = 5.0;
				TARGETED_DEVICE_FAMILY = "1,2";
				TEST_TARGET_NAME = List1ImageAndText;
			};
			name = Debug;
		};
		B75690602BEDFF3400F86ED7 /* Release */ = {
			isa = XCBuildConfiguration;
			buildSettings = {
				ALWAYS_EMBED_SWIFT_STANDARD_LIBRARIES = YES;
				CODE_SIGN_STYLE = Automatic;
				CURRENT_PROJECT_VERSION = 1;
				DEVELOPMENT_TEAM = HMPQ2T7A72;
				GENERATE_INFOPLIST_FILE = YES;
				MARKETING_VERSION = 1.0;
				PRODUCT_BUNDLE_IDENTIFIER = com..theme.ui.abc.abc.List1ImageAndTextUITests;
				PRODUCT_NAME = "$(TARGET_NAME)";
				SWIFT_EMIT_LOC_STRINGS = NO;
				SWIFT_VERSION = 5.0;
				TARGETED_DEVICE_FAMILY = "1,2";
				TEST_TARGET_NAME = List1ImageAndText;
			};
			name = Release;
		};
/* End XCBuildConfiguration section */

/* Begin XCConfigurationList section */
		B756902F2BEDFF3200F86ED7 /* Build configuration list for PBXProject "List1ImageAndText" */ = {
			isa = XCConfigurationList;
			buildConfigurations = (
				B75690562BEDFF3400F86ED7 /* Debug */,
				B75690572BEDFF3400F86ED7 /* Release */,
			);
			defaultConfigurationIsVisible = 0;
			defaultConfigurationName = Release;
		};
		B75690582BEDFF3400F86ED7 /* Build configuration list for PBXNativeTarget "List1ImageAndText" */ = {
			isa = XCConfigurationList;
			buildConfigurations = (
				B75690592BEDFF3400F86ED7 /* Debug */,
				B756905A2BEDFF3400F86ED7 /* Release */,
			);
			defaultConfigurationIsVisible = 0;
			defaultConfigurationName = Release;
		};
		B756905B2BEDFF3400F86ED7 /* Build configuration list for PBXNativeTarget "List1ImageAndTextTests" */ = {
			isa = XCConfigurationList;
			buildConfigurations = (
				B756905C2BEDFF3400F86ED7 /* Debug */,
				B756905D2BEDFF3400F86ED7 /* Release */,
			);
			defaultConfigurationIsVisible = 0;
			defaultConfigurationName = Release;
		};
		B756905E2BEDFF3400F86ED7 /* Build configuration list for PBXNativeTarget "List1ImageAndTextUITests" */ = {
			isa = XCConfigurationList;
			buildConfigurations = (
				B756905F2BEDFF3400F86ED7 /* Debug */,
				B75690602BEDFF3400F86ED7 /* Release */,
			);
			defaultConfigurationIsVisible = 0;
			defaultConfigurationName = Release;
		};
/* End XCConfigurationList section */
	};
	rootObject = B756902C2BEDFF3200F86ED7 /* Project object */;
}
